// !$*UTF8*$!
{
	archiveVersion = 1;
	classes = {
	};
	objectVersion = 48;
	objects = {

/* Begin PBXBuildFile section */
		041275D11F1CF17500F88822 /* RxCocoa.framework in Frameworks */ = {isa = PBXBuildFile; fileRef = 041275CF1F1CF17500F88822 /* RxCocoa.framework */; };
		041275D21F1CF17500F88822 /* RxSwift.framework in Frameworks */ = {isa = PBXBuildFile; fileRef = 041275D01F1CF17500F88822 /* RxSwift.framework */; };
		0418CB231F3CE50900818D21 /* AppDelegate.swift in Sources */ = {isa = PBXBuildFile; fileRef = 0418CB151F3CE50100818D21 /* AppDelegate.swift */; };
		0418CB241F3CE50E00818D21 /* Answers+Analytics.swift in Sources */ = {isa = PBXBuildFile; fileRef = 0418CB171F3CE50100818D21 /* Answers+Analytics.swift */; };
		0418CB251F3CE50E00818D21 /* AppDependencies.swift in Sources */ = {isa = PBXBuildFile; fileRef = 0418CB181F3CE50100818D21 /* AppDependencies.swift */; };
		0418CB261F3CE50E00818D21 /* Crashlytics+TechLogging.swift in Sources */ = {isa = PBXBuildFile; fileRef = 0418CB191F3CE50100818D21 /* Crashlytics+TechLogging.swift */; };
		0418CB271F3CE51300818D21 /* LoginViewController.swift in Sources */ = {isa = PBXBuildFile; fileRef = 0418CB1B1F3CE50100818D21 /* LoginViewController.swift */; };
		0418CB281F3CE51300818D21 /* LoginViewController.xib in Resources */ = {isa = PBXBuildFile; fileRef = 0418CB1C1F3CE50100818D21 /* LoginViewController.xib */; };
		0418CB291F3CE51300818D21 /* LoginWindowController.swift in Sources */ = {isa = PBXBuildFile; fileRef = 0418CB1D1F3CE50100818D21 /* LoginWindowController.swift */; };
		0418CB2A1F3CE51300818D21 /* LoginWindowController.xib in Resources */ = {isa = PBXBuildFile; fileRef = 0418CB1E1F3CE50100818D21 /* LoginWindowController.xib */; };
		0418CB2B1F3CE51B00818D21 /* SourcerTests.swift in Sources */ = {isa = PBXBuildFile; fileRef = 0418CB221F3CE50100818D21 /* SourcerTests.swift */; };
		0418CB451F3CE61E00818D21 /* Sourcer_iOSTests.swift in Sources */ = {isa = PBXBuildFile; fileRef = 0418CB3A1F3CE57500818D21 /* Sourcer_iOSTests.swift */; };
		0418CB461F3CE62100818D21 /* Sourcer_iOSUITests.swift in Sources */ = {isa = PBXBuildFile; fileRef = 0418CB3D1F3CE57500818D21 /* Sourcer_iOSUITests.swift */; };
		0471EAD71F3CE68A000A4B6A /* LaunchScreen.storyboard in Resources */ = {isa = PBXBuildFile; fileRef = 0418CB491F3CE62F00818D21 /* LaunchScreen.storyboard */; };
		0471EAD81F3CE68C000A4B6A /* Main.storyboard in Resources */ = {isa = PBXBuildFile; fileRef = 0418CB4B1F3CE62F00818D21 /* Main.storyboard */; };
		0471EAD91F3CE690000A4B6A /* Assets.xcassets in Resources */ = {isa = PBXBuildFile; fileRef = 0418CB481F3CE62F00818D21 /* Assets.xcassets */; };
		04FF99841F3D83AA006F813A /* AppDelegate.swift in Sources */ = {isa = PBXBuildFile; fileRef = 0418CB441F3CE61B00818D21 /* AppDelegate.swift */; };
		04FF99851F3D83AD006F813A /* ViewController.swift in Sources */ = {isa = PBXBuildFile; fileRef = 0418CB421F3CE61B00818D21 /* ViewController.swift */; };
		04FF99901F3D8525006F813A /* Crashlytics.framework in Frameworks */ = {isa = PBXBuildFile; fileRef = 04FF998D1F3D8446006F813A /* Crashlytics.framework */; };
		04FF99911F3D8528006F813A /* Open.framework in Frameworks */ = {isa = PBXBuildFile; fileRef = 04FF998F1F3D8446006F813A /* Open.framework */; };
		04FF99921F3D852E006F813A /* Fabric.framework in Frameworks */ = {isa = PBXBuildFile; fileRef = 04FF998E1F3D8446006F813A /* Fabric.framework */; };
		04FF99941F3D855F006F813A /* Open.framework in Embed Frameworks */ = {isa = PBXBuildFile; fileRef = 04FF998F1F3D8446006F813A /* Open.framework */; settings = {ATTRIBUTES = (CodeSignOnCopy, RemoveHeadersOnCopy, ); }; };
		04FF999B1F3D8613006F813A /* Open.framework in Embed Frameworks */ = {isa = PBXBuildFile; fileRef = 04FF99991F3D8601006F813A /* Open.framework */; settings = {ATTRIBUTES = (CodeSignOnCopy, RemoveHeadersOnCopy, ); }; };
		04FF999E1F3D86A2006F813A /* RxCocoa.framework in Frameworks */ = {isa = PBXBuildFile; fileRef = 04FF999D1F3D86A2006F813A /* RxCocoa.framework */; };
		04FF99A21F3D87C0006F813A /* Open.framework in Embed Frameworks */ = {isa = PBXBuildFile; fileRef = 04FF99991F3D8601006F813A /* Open.framework */; settings = {ATTRIBUTES = (CodeSignOnCopy, RemoveHeadersOnCopy, ); }; };
		04FF99A71F3D8901006F813A /* Open.framework in Frameworks */ = {isa = PBXBuildFile; fileRef = 04FF99991F3D8601006F813A /* Open.framework */; };
		04FF99B71F3D897A006F813A /* Sourcer-watchOS Extension.appex in Embed App Extensions */ = {isa = PBXBuildFile; fileRef = 04FF99B61F3D897A006F813A /* Sourcer-watchOS Extension.appex */; settings = {ATTRIBUTES = (RemoveHeadersOnCopy, ); }; };
		04FF99CA1F3D897A006F813A /* Sourcer-watchOS.app in Embed Watch Content */ = {isa = PBXBuildFile; fileRef = 04FF99AA1F3D897A006F813A /* Sourcer-watchOS.app */; };
		04FF99D91F3D89C4006F813A /* dsa_pub.pem in Resources */ = {isa = PBXBuildFile; fileRef = 04FF99D41F3D89BE006F813A /* dsa_pub.pem */; };
		04FF99DA1F3D89C7006F813A /* Assets.xcassets in Resources */ = {isa = PBXBuildFile; fileRef = 04FF99D61F3D89BE006F813A /* Assets.xcassets */; };
		04FF99DB1F3D89CB006F813A /* MainMenu.xib in Resources */ = {isa = PBXBuildFile; fileRef = 04FF99D81F3D89BE006F813A /* MainMenu.xib */; };
		04FF99F01F3D9882006F813A /* Assets.xcassets in Resources */ = {isa = PBXBuildFile; fileRef = 04FF99E11F3D987B006F813A /* Assets.xcassets */; };
		04FF99F11F3D9889006F813A /* Interface.storyboard in Resources */ = {isa = PBXBuildFile; fileRef = 04FF99E31F3D987B006F813A /* Interface.storyboard */; };
		04FF99F21F3D98C9006F813A /* ComplicationController.swift in Sources */ = {isa = PBXBuildFile; fileRef = 04FF99EC1F3D987B006F813A /* ComplicationController.swift */; };
		04FF99F31F3D98C9006F813A /* ExtensionDelegate.swift in Sources */ = {isa = PBXBuildFile; fileRef = 04FF99ED1F3D987B006F813A /* ExtensionDelegate.swift */; };
		04FF99F41F3D98C9006F813A /* InterfaceController.swift in Sources */ = {isa = PBXBuildFile; fileRef = 04FF99EE1F3D987B006F813A /* InterfaceController.swift */; };
		04FF99F51F3D98C9006F813A /* NotificationController.swift in Sources */ = {isa = PBXBuildFile; fileRef = 04FF99EF1F3D987B006F813A /* NotificationController.swift */; };
		04FF99F61F3D98DE006F813A /* Assets.xcassets in Resources */ = {isa = PBXBuildFile; fileRef = 04FF99E81F3D987B006F813A /* Assets.xcassets */; };
		04FF99FC1F3D9B23006F813A /* Open.framework in Frameworks */ = {isa = PBXBuildFile; fileRef = 04FF99FB1F3D9B04006F813A /* Open.framework */; };
		04FF99FE1F3D9B26006F813A /* Open.framework in Embed Frameworks */ = {isa = PBXBuildFile; fileRef = 04FF99FB1F3D9B04006F813A /* Open.framework */; settings = {ATTRIBUTES = (CodeSignOnCopy, RemoveHeadersOnCopy, ); }; };
		04FF9A041F3D9C14006F813A /* RxTest.framework in Frameworks */ = {isa = PBXBuildFile; fileRef = 04FF9A031F3D9C0B006F813A /* RxTest.framework */; };
		04FF9A051F3D9C62006F813A /* RxTest.framework in Frameworks */ = {isa = PBXBuildFile; fileRef = 04FF9A011F3D9BDE006F813A /* RxTest.framework */; };
		14964DF37E7D9E7FDFDFAC8B /* Pods_Sourcer_iOSTests.framework in Frameworks */ = {isa = PBXBuildFile; fileRef = 2C43F84840CAFA7B8050BE76 /* Pods_Sourcer_iOSTests.framework */; };
		540F88211F4AD944A6BD2B87 /* Pods_Sourcer.framework in Frameworks */ = {isa = PBXBuildFile; fileRef = DE81032FEB37D50395ADBFC8 /* Pods_Sourcer.framework */; };
		5D702D7168804E2DC6FD307E /* Pods_Sourcer_iOS.framework in Frameworks */ = {isa = PBXBuildFile; fileRef = 7752FF6510C6537283EE2D9B /* Pods_Sourcer_iOS.framework */; };
		FDF673AE8CCD863B55A1175C /* Pods_SourcerTests.framework in Frameworks */ = {isa = PBXBuildFile; fileRef = 6CF7FA266EACDB53D4AD236C /* Pods_SourcerTests.framework */; };
/* End PBXBuildFile section */

/* Begin PBXContainerItemProxy section */
		0418CAF81F3CE49200818D21 /* PBXContainerItemProxy */ = {
			isa = PBXContainerItemProxy;
			containerPortal = 043CB5C51F18D7950097F577 /* Project object */;
			proxyType = 1;
			remoteGlobalIDString = 0418CAE31F3CE49200818D21;
			remoteInfo = "Sourcer-iOS";
		};
		0418CB031F3CE49200818D21 /* PBXContainerItemProxy */ = {
			isa = PBXContainerItemProxy;
			containerPortal = 043CB5C51F18D7950097F577 /* Project object */;
			proxyType = 1;
			remoteGlobalIDString = 0418CAE31F3CE49200818D21;
			remoteInfo = "Sourcer-iOS";
		};
		043CB5DE1F18D7950097F577 /* PBXContainerItemProxy */ = {
			isa = PBXContainerItemProxy;
			containerPortal = 043CB5C51F18D7950097F577 /* Project object */;
			proxyType = 1;
			remoteGlobalIDString = 043CB5CC1F18D7950097F577;
			remoteInfo = Sourcer;
		};
		04FF99B81F3D897A006F813A /* PBXContainerItemProxy */ = {
			isa = PBXContainerItemProxy;
			containerPortal = 043CB5C51F18D7950097F577 /* Project object */;
			proxyType = 1;
			remoteGlobalIDString = 04FF99B51F3D897A006F813A;
			remoteInfo = "Sourcer-watchOS Extension";
		};
		04FF99C71F3D897A006F813A /* PBXContainerItemProxy */ = {
			isa = PBXContainerItemProxy;
			containerPortal = 043CB5C51F18D7950097F577 /* Project object */;
			proxyType = 1;
			remoteGlobalIDString = 04FF99A91F3D897A006F813A;
			remoteInfo = "Sourcer-watchOS";
		};
/* End PBXContainerItemProxy section */

/* Begin PBXCopyFilesBuildPhase section */
		049B1F421F18E6E2001F946B /* Embed Frameworks */ = {
			isa = PBXCopyFilesBuildPhase;
			buildActionMask = 2147483647;
			dstPath = "";
			dstSubfolderSpec = 10;
			files = (
				04FF99941F3D855F006F813A /* Open.framework in Embed Frameworks */,
			);
			name = "Embed Frameworks";
			runOnlyForDeploymentPostprocessing = 0;
		};
		04FF99981F3D8599006F813A /* Embed Frameworks */ = {
			isa = PBXCopyFilesBuildPhase;
			buildActionMask = 2147483647;
			dstPath = "";
			dstSubfolderSpec = 10;
			files = (
				04FF999B1F3D8613006F813A /* Open.framework in Embed Frameworks */,
			);
			name = "Embed Frameworks";
			runOnlyForDeploymentPostprocessing = 0;
		};
		04FF99A11F3D87B7006F813A /* Embed Frameworks */ = {
			isa = PBXCopyFilesBuildPhase;
			buildActionMask = 2147483647;
			dstPath = "";
			dstSubfolderSpec = 10;
			files = (
				04FF99A21F3D87C0006F813A /* Open.framework in Embed Frameworks */,
			);
			name = "Embed Frameworks";
			runOnlyForDeploymentPostprocessing = 0;
		};
		04FF99C91F3D897A006F813A /* Embed Watch Content */ = {
			isa = PBXCopyFilesBuildPhase;
			buildActionMask = 2147483647;
			dstPath = "$(CONTENTS_FOLDER_PATH)/Watch";
			dstSubfolderSpec = 16;
			files = (
				04FF99CA1F3D897A006F813A /* Sourcer-watchOS.app in Embed Watch Content */,
			);
			name = "Embed Watch Content";
			runOnlyForDeploymentPostprocessing = 0;
		};
		04FF99D01F3D897A006F813A /* Embed App Extensions */ = {
			isa = PBXCopyFilesBuildPhase;
			buildActionMask = 2147483647;
			dstPath = "";
			dstSubfolderSpec = 13;
			files = (
				04FF99B71F3D897A006F813A /* Sourcer-watchOS Extension.appex in Embed App Extensions */,
			);
			name = "Embed App Extensions";
			runOnlyForDeploymentPostprocessing = 0;
		};
		04FF99FF1F3D9B26006F813A /* Embed Frameworks */ = {
			isa = PBXCopyFilesBuildPhase;
			buildActionMask = 2147483647;
			dstPath = "";
			dstSubfolderSpec = 10;
			files = (
				04FF99FE1F3D9B26006F813A /* Open.framework in Embed Frameworks */,
			);
			name = "Embed Frameworks";
			runOnlyForDeploymentPostprocessing = 0;
		};
/* End PBXCopyFilesBuildPhase section */

/* Begin PBXFileReference section */
		041275CF1F1CF17500F88822 /* RxCocoa.framework */ = {isa = PBXFileReference; lastKnownFileType = wrapper.framework; name = RxCocoa.framework; path = Carthage/Build/Mac/RxCocoa.framework; sourceTree = "<group>"; };
		041275D01F1CF17500F88822 /* RxSwift.framework */ = {isa = PBXFileReference; lastKnownFileType = wrapper.framework; name = RxSwift.framework; path = Carthage/Build/Mac/RxSwift.framework; sourceTree = "<group>"; };
		0418CAE41F3CE49200818D21 /* Sourcer.app */ = {isa = PBXFileReference; explicitFileType = wrapper.application; includeInIndex = 0; path = Sourcer.app; sourceTree = BUILT_PRODUCTS_DIR; };
		0418CAF71F3CE49200818D21 /* SourcerTests.xctest */ = {isa = PBXFileReference; explicitFileType = wrapper.cfbundle; includeInIndex = 0; path = SourcerTests.xctest; sourceTree = BUILT_PRODUCTS_DIR; };
		0418CB021F3CE49200818D21 /* SourcerUITests.xctest */ = {isa = PBXFileReference; explicitFileType = wrapper.cfbundle; includeInIndex = 0; path = SourcerUITests.xctest; sourceTree = BUILT_PRODUCTS_DIR; };
		0418CB151F3CE50100818D21 /* AppDelegate.swift */ = {isa = PBXFileReference; lastKnownFileType = sourcecode.swift; path = AppDelegate.swift; sourceTree = "<group>"; };
		0418CB171F3CE50100818D21 /* Answers+Analytics.swift */ = {isa = PBXFileReference; lastKnownFileType = sourcecode.swift; path = "Answers+Analytics.swift"; sourceTree = "<group>"; };
		0418CB181F3CE50100818D21 /* AppDependencies.swift */ = {isa = PBXFileReference; lastKnownFileType = sourcecode.swift; path = AppDependencies.swift; sourceTree = "<group>"; };
		0418CB191F3CE50100818D21 /* Crashlytics+TechLogging.swift */ = {isa = PBXFileReference; lastKnownFileType = sourcecode.swift; path = "Crashlytics+TechLogging.swift"; sourceTree = "<group>"; };
		0418CB1B1F3CE50100818D21 /* LoginViewController.swift */ = {isa = PBXFileReference; lastKnownFileType = sourcecode.swift; path = LoginViewController.swift; sourceTree = "<group>"; };
		0418CB1C1F3CE50100818D21 /* LoginViewController.xib */ = {isa = PBXFileReference; lastKnownFileType = file.xib; path = LoginViewController.xib; sourceTree = "<group>"; };
		0418CB1D1F3CE50100818D21 /* LoginWindowController.swift */ = {isa = PBXFileReference; lastKnownFileType = sourcecode.swift; path = LoginWindowController.swift; sourceTree = "<group>"; };
		0418CB1E1F3CE50100818D21 /* LoginWindowController.xib */ = {isa = PBXFileReference; lastKnownFileType = file.xib; path = LoginWindowController.xib; sourceTree = "<group>"; };
		0418CB201F3CE50100818D21 /* Sourcer.entitlements */ = {isa = PBXFileReference; lastKnownFileType = text.plist.entitlements; path = Sourcer.entitlements; sourceTree = "<group>"; };
		0418CB221F3CE50100818D21 /* SourcerTests.swift */ = {isa = PBXFileReference; lastKnownFileType = sourcecode.swift; path = SourcerTests.swift; sourceTree = "<group>"; };
		0418CB2C1F3CE54B00818D21 /* Tests.plist */ = {isa = PBXFileReference; lastKnownFileType = text.plist.xml; path = Tests.plist; sourceTree = "<group>"; };
		0418CB2D1F3CE54B00818D21 /* Info.plist */ = {isa = PBXFileReference; lastKnownFileType = text.plist.xml; path = Info.plist; sourceTree = "<group>"; };
		0418CB3A1F3CE57500818D21 /* Sourcer_iOSTests.swift */ = {isa = PBXFileReference; lastKnownFileType = sourcecode.swift; path = Sourcer_iOSTests.swift; sourceTree = "<group>"; };
		0418CB3D1F3CE57500818D21 /* Sourcer_iOSUITests.swift */ = {isa = PBXFileReference; lastKnownFileType = sourcecode.swift; path = Sourcer_iOSUITests.swift; sourceTree = "<group>"; };
		0418CB3E1F3CE5B800818D21 /* Tests.plist */ = {isa = PBXFileReference; lastKnownFileType = text.plist.xml; path = Tests.plist; sourceTree = "<group>"; };
		0418CB3F1F3CE5B800818D21 /* UITests.plist */ = {isa = PBXFileReference; lastKnownFileType = text.plist.xml; path = UITests.plist; sourceTree = "<group>"; };
		0418CB401F3CE5B800818D21 /* Info.plist */ = {isa = PBXFileReference; lastKnownFileType = text.plist.xml; path = Info.plist; sourceTree = "<group>"; };
		0418CB421F3CE61B00818D21 /* ViewController.swift */ = {isa = PBXFileReference; lastKnownFileType = sourcecode.swift; path = ViewController.swift; sourceTree = "<group>"; };
		0418CB441F3CE61B00818D21 /* AppDelegate.swift */ = {isa = PBXFileReference; lastKnownFileType = sourcecode.swift; path = AppDelegate.swift; sourceTree = "<group>"; };
		0418CB481F3CE62F00818D21 /* Assets.xcassets */ = {isa = PBXFileReference; lastKnownFileType = folder.assetcatalog; path = Assets.xcassets; sourceTree = "<group>"; };
		0418CB4A1F3CE62F00818D21 /* Base */ = {isa = PBXFileReference; lastKnownFileType = file.storyboard; name = Base; path = Base.lproj/LaunchScreen.storyboard; sourceTree = "<group>"; };
		0418CB4C1F3CE62F00818D21 /* Base */ = {isa = PBXFileReference; lastKnownFileType = file.storyboard; name = Base; path = Base.lproj/Main.storyboard; sourceTree = "<group>"; };
		043CB5CD1F18D7950097F577 /* Sourcer.app */ = {isa = PBXFileReference; explicitFileType = wrapper.application; includeInIndex = 0; path = Sourcer.app; sourceTree = BUILT_PRODUCTS_DIR; };
		043CB5DD1F18D7950097F577 /* SourcerTests.xctest */ = {isa = PBXFileReference; explicitFileType = wrapper.cfbundle; includeInIndex = 0; path = SourcerTests.xctest; sourceTree = BUILT_PRODUCTS_DIR; };
		043CB6031F18E3B00097F577 /* iOS-Application.xcconfig */ = {isa = PBXFileReference; lastKnownFileType = text.xcconfig; path = "iOS-Application.xcconfig"; sourceTree = "<group>"; };
		043CB6041F18E3B00097F577 /* iOS-Base.xcconfig */ = {isa = PBXFileReference; lastKnownFileType = text.xcconfig; path = "iOS-Base.xcconfig"; sourceTree = "<group>"; };
		043CB6051F18E3B00097F577 /* iOS-Framework.xcconfig */ = {isa = PBXFileReference; lastKnownFileType = text.xcconfig; path = "iOS-Framework.xcconfig"; sourceTree = "<group>"; };
		043CB6061F18E3B00097F577 /* iOS-StaticLibrary.xcconfig */ = {isa = PBXFileReference; lastKnownFileType = text.xcconfig; path = "iOS-StaticLibrary.xcconfig"; sourceTree = "<group>"; };
		043CB6081F18E3B00097F577 /* tvOS-Application.xcconfig */ = {isa = PBXFileReference; lastKnownFileType = text.xcconfig; path = "tvOS-Application.xcconfig"; sourceTree = "<group>"; };
		043CB6091F18E3B00097F577 /* tvOS-Base.xcconfig */ = {isa = PBXFileReference; lastKnownFileType = text.xcconfig; path = "tvOS-Base.xcconfig"; sourceTree = "<group>"; };
		043CB60A1F18E3B00097F577 /* tvOS-Framework.xcconfig */ = {isa = PBXFileReference; lastKnownFileType = text.xcconfig; path = "tvOS-Framework.xcconfig"; sourceTree = "<group>"; };
		043CB60B1F18E3B00097F577 /* tvOS-StaticLibrary.xcconfig */ = {isa = PBXFileReference; lastKnownFileType = text.xcconfig; path = "tvOS-StaticLibrary.xcconfig"; sourceTree = "<group>"; };
		043CB60D1F18E3B00097F577 /* Common.xcconfig */ = {isa = PBXFileReference; lastKnownFileType = text.xcconfig; path = Common.xcconfig; sourceTree = "<group>"; };
		043CB60F1F18E3B00097F577 /* Debug.xcconfig */ = {isa = PBXFileReference; lastKnownFileType = text.xcconfig; path = Debug.xcconfig; sourceTree = "<group>"; };
		043CB6101F18E3B00097F577 /* Profile.xcconfig */ = {isa = PBXFileReference; lastKnownFileType = text.xcconfig; path = Profile.xcconfig; sourceTree = "<group>"; };
		043CB6111F18E3B00097F577 /* Release.xcconfig */ = {isa = PBXFileReference; lastKnownFileType = text.xcconfig; path = Release.xcconfig; sourceTree = "<group>"; };
		043CB6121F18E3B00097F577 /* Test.xcconfig */ = {isa = PBXFileReference; lastKnownFileType = text.xcconfig; path = Test.xcconfig; sourceTree = "<group>"; };
		043CB6141F18E3B00097F577 /* Application.xcconfig */ = {isa = PBXFileReference; lastKnownFileType = text.xcconfig; path = Application.xcconfig; sourceTree = "<group>"; };
		043CB6151F18E3B00097F577 /* Framework.xcconfig */ = {isa = PBXFileReference; lastKnownFileType = text.xcconfig; path = Framework.xcconfig; sourceTree = "<group>"; };
		043CB6161F18E3B00097F577 /* StaticLibrary.xcconfig */ = {isa = PBXFileReference; lastKnownFileType = text.xcconfig; path = StaticLibrary.xcconfig; sourceTree = "<group>"; };
		043CB6171F18E3B00097F577 /* README.md */ = {isa = PBXFileReference; lastKnownFileType = net.daringfireball.markdown; path = README.md; sourceTree = "<group>"; };
		043CB6191F18E3B00097F577 /* watchOS-Application.xcconfig */ = {isa = PBXFileReference; lastKnownFileType = text.xcconfig; path = "watchOS-Application.xcconfig"; sourceTree = "<group>"; };
		043CB61A1F18E3B00097F577 /* watchOS-Base.xcconfig */ = {isa = PBXFileReference; lastKnownFileType = text.xcconfig; path = "watchOS-Base.xcconfig"; sourceTree = "<group>"; };
		043CB61B1F18E3B00097F577 /* watchOS-Framework.xcconfig */ = {isa = PBXFileReference; lastKnownFileType = text.xcconfig; path = "watchOS-Framework.xcconfig"; sourceTree = "<group>"; };
		043CB61C1F18E3B00097F577 /* watchOS-StaticLibrary.xcconfig */ = {isa = PBXFileReference; lastKnownFileType = text.xcconfig; path = "watchOS-StaticLibrary.xcconfig"; sourceTree = "<group>"; };
		043CB61E1F18E3B00097F577 /* Mac-Application.xcconfig */ = {isa = PBXFileReference; lastKnownFileType = text.xcconfig; path = "Mac-Application.xcconfig"; sourceTree = "<group>"; };
		043CB61F1F18E3B00097F577 /* Mac-Base.xcconfig */ = {isa = PBXFileReference; lastKnownFileType = text.xcconfig; path = "Mac-Base.xcconfig"; sourceTree = "<group>"; };
		043CB6201F18E3B00097F577 /* Mac-DynamicLibrary.xcconfig */ = {isa = PBXFileReference; lastKnownFileType = text.xcconfig; path = "Mac-DynamicLibrary.xcconfig"; sourceTree = "<group>"; };
		043CB6211F18E3B00097F577 /* Mac-Framework.xcconfig */ = {isa = PBXFileReference; lastKnownFileType = text.xcconfig; path = "Mac-Framework.xcconfig"; sourceTree = "<group>"; };
		043CB6221F18E3B00097F577 /* Mac-StaticLibrary.xcconfig */ = {isa = PBXFileReference; lastKnownFileType = text.xcconfig; path = "Mac-StaticLibrary.xcconfig"; sourceTree = "<group>"; };
		043EADF21F39D6F80051E1AB /* Open-Base.xcconfig */ = {isa = PBXFileReference; lastKnownFileType = text.xcconfig; path = "Open-Base.xcconfig"; sourceTree = "<group>"; };
		04E445C8B4AF8B3556C1B70D /* Pods-Sourcer.release.xcconfig */ = {isa = PBXFileReference; includeInIndex = 1; lastKnownFileType = text.xcconfig; name = "Pods-Sourcer.release.xcconfig"; path = "Pods/Target Support Files/Pods-Sourcer/Pods-Sourcer.release.xcconfig"; sourceTree = "<group>"; };
		04FF998D1F3D8446006F813A /* Crashlytics.framework */ = {isa = PBXFileReference; lastKnownFileType = wrapper.framework; path = Crashlytics.framework; sourceTree = "<group>"; };
		04FF998E1F3D8446006F813A /* Fabric.framework */ = {isa = PBXFileReference; lastKnownFileType = wrapper.framework; path = Fabric.framework; sourceTree = "<group>"; };
		04FF998F1F3D8446006F813A /* Open.framework */ = {isa = PBXFileReference; lastKnownFileType = wrapper.framework; path = Open.framework; sourceTree = BUILT_PRODUCTS_DIR; };
		04FF99991F3D8601006F813A /* Open.framework */ = {isa = PBXFileReference; lastKnownFileType = wrapper.framework; path = Open.framework; sourceTree = BUILT_PRODUCTS_DIR; };
		04FF999D1F3D86A2006F813A /* RxCocoa.framework */ = {isa = PBXFileReference; lastKnownFileType = wrapper.framework; name = RxCocoa.framework; path = Carthage/Build/iOS/RxCocoa.framework; sourceTree = "<group>"; };
		04FF99AA1F3D897A006F813A /* Sourcer-watchOS.app */ = {isa = PBXFileReference; explicitFileType = wrapper.application; includeInIndex = 0; path = "Sourcer-watchOS.app"; sourceTree = BUILT_PRODUCTS_DIR; };
		04FF99B61F3D897A006F813A /* Sourcer-watchOS Extension.appex */ = {isa = PBXFileReference; explicitFileType = "wrapper.app-extension"; includeInIndex = 0; path = "Sourcer-watchOS Extension.appex"; sourceTree = BUILT_PRODUCTS_DIR; };
		04FF99D41F3D89BE006F813A /* dsa_pub.pem */ = {isa = PBXFileReference; lastKnownFileType = text; path = dsa_pub.pem; sourceTree = "<group>"; };
		04FF99D61F3D89BE006F813A /* Assets.xcassets */ = {isa = PBXFileReference; lastKnownFileType = folder.assetcatalog; path = Assets.xcassets; sourceTree = "<group>"; };
		04FF99D81F3D89BE006F813A /* MainMenu.xib */ = {isa = PBXFileReference; lastKnownFileType = file.xib; path = MainMenu.xib; sourceTree = "<group>"; };
		04FF99DE1F3D987B006F813A /* Info.plist */ = {isa = PBXFileReference; lastKnownFileType = text.plist.xml; path = Info.plist; sourceTree = "<group>"; };
		04FF99E11F3D987B006F813A /* Assets.xcassets */ = {isa = PBXFileReference; lastKnownFileType = folder.assetcatalog; path = Assets.xcassets; sourceTree = "<group>"; };
		04FF99E31F3D987B006F813A /* Interface.storyboard */ = {isa = PBXFileReference; lastKnownFileType = file.storyboard; path = Interface.storyboard; sourceTree = "<group>"; };
		04FF99E51F3D987B006F813A /* Info.plist */ = {isa = PBXFileReference; lastKnownFileType = text.plist.xml; path = Info.plist; sourceTree = "<group>"; };
		04FF99E81F3D987B006F813A /* Assets.xcassets */ = {isa = PBXFileReference; lastKnownFileType = folder.assetcatalog; path = Assets.xcassets; sourceTree = "<group>"; };
		04FF99EA1F3D987B006F813A /* PushNotificationPayload.apns */ = {isa = PBXFileReference; lastKnownFileType = text; path = PushNotificationPayload.apns; sourceTree = "<group>"; };
		04FF99EC1F3D987B006F813A /* ComplicationController.swift */ = {isa = PBXFileReference; lastKnownFileType = sourcecode.swift; path = ComplicationController.swift; sourceTree = "<group>"; };
		04FF99ED1F3D987B006F813A /* ExtensionDelegate.swift */ = {isa = PBXFileReference; lastKnownFileType = sourcecode.swift; path = ExtensionDelegate.swift; sourceTree = "<group>"; };
		04FF99EE1F3D987B006F813A /* InterfaceController.swift */ = {isa = PBXFileReference; lastKnownFileType = sourcecode.swift; path = InterfaceController.swift; sourceTree = "<group>"; };
		04FF99EF1F3D987B006F813A /* NotificationController.swift */ = {isa = PBXFileReference; lastKnownFileType = sourcecode.swift; path = NotificationController.swift; sourceTree = "<group>"; };
		04FF99FB1F3D9B04006F813A /* Open.framework */ = {isa = PBXFileReference; lastKnownFileType = wrapper.framework; path = Open.framework; sourceTree = BUILT_PRODUCTS_DIR; };
		04FF9A011F3D9BDE006F813A /* RxTest.framework */ = {isa = PBXFileReference; lastKnownFileType = wrapper.framework; name = RxTest.framework; path = Carthage/Build/iOS/RxTest.framework; sourceTree = "<group>"; };
		04FF9A031F3D9C0B006F813A /* RxTest.framework */ = {isa = PBXFileReference; lastKnownFileType = wrapper.framework; name = RxTest.framework; path = Carthage/Build/Mac/RxTest.framework; sourceTree = "<group>"; };
		24EE79B37C4CB412A5FBB31A /* Pods-SourcerTests.release.xcconfig */ = {isa = PBXFileReference; includeInIndex = 1; lastKnownFileType = text.xcconfig; name = "Pods-SourcerTests.release.xcconfig"; path = "Pods/Target Support Files/Pods-SourcerTests/Pods-SourcerTests.release.xcconfig"; sourceTree = "<group>"; };
		2C43F84840CAFA7B8050BE76 /* Pods_Sourcer_iOSTests.framework */ = {isa = PBXFileReference; explicitFileType = wrapper.framework; includeInIndex = 0; path = Pods_Sourcer_iOSTests.framework; sourceTree = BUILT_PRODUCTS_DIR; };
		3C488476E37461D8D22D0F9F /* Pods-Sourcer.debug.xcconfig */ = {isa = PBXFileReference; includeInIndex = 1; lastKnownFileType = text.xcconfig; name = "Pods-Sourcer.debug.xcconfig"; path = "Pods/Target Support Files/Pods-Sourcer/Pods-Sourcer.debug.xcconfig"; sourceTree = "<group>"; };
		6CF7FA266EACDB53D4AD236C /* Pods_SourcerTests.framework */ = {isa = PBXFileReference; explicitFileType = wrapper.framework; includeInIndex = 0; path = Pods_SourcerTests.framework; sourceTree = BUILT_PRODUCTS_DIR; };
		7752FF6510C6537283EE2D9B /* Pods_Sourcer_iOS.framework */ = {isa = PBXFileReference; explicitFileType = wrapper.framework; includeInIndex = 0; path = Pods_Sourcer_iOS.framework; sourceTree = BUILT_PRODUCTS_DIR; };
		80960FB5B1E719CE3BF616D1 /* Pods-Sourcer-iOSTests.debug.xcconfig */ = {isa = PBXFileReference; includeInIndex = 1; lastKnownFileType = text.xcconfig; name = "Pods-Sourcer-iOSTests.debug.xcconfig"; path = "Pods/Target Support Files/Pods-Sourcer-iOSTests/Pods-Sourcer-iOSTests.debug.xcconfig"; sourceTree = "<group>"; };
		899055D3DA02C0A3958A38C8 /* Pods-Sourcer-iOSTests.release.xcconfig */ = {isa = PBXFileReference; includeInIndex = 1; lastKnownFileType = text.xcconfig; name = "Pods-Sourcer-iOSTests.release.xcconfig"; path = "Pods/Target Support Files/Pods-Sourcer-iOSTests/Pods-Sourcer-iOSTests.release.xcconfig"; sourceTree = "<group>"; };
		9FFBC55A72519186782ABE6F /* Pods-Sourcer-iOS.debug.xcconfig */ = {isa = PBXFileReference; includeInIndex = 1; lastKnownFileType = text.xcconfig; name = "Pods-Sourcer-iOS.debug.xcconfig"; path = "Pods/Target Support Files/Pods-Sourcer-iOS/Pods-Sourcer-iOS.debug.xcconfig"; sourceTree = "<group>"; };
		A2DFCA0D9C348090A9240D49 /* Pods-SourcerTests.debug.xcconfig */ = {isa = PBXFileReference; includeInIndex = 1; lastKnownFileType = text.xcconfig; name = "Pods-SourcerTests.debug.xcconfig"; path = "Pods/Target Support Files/Pods-SourcerTests/Pods-SourcerTests.debug.xcconfig"; sourceTree = "<group>"; };
		DE81032FEB37D50395ADBFC8 /* Pods_Sourcer.framework */ = {isa = PBXFileReference; explicitFileType = wrapper.framework; includeInIndex = 0; path = Pods_Sourcer.framework; sourceTree = BUILT_PRODUCTS_DIR; };
		EAE7F0CEFA925D63E7E7D7F1 /* Pods-Sourcer-iOS.release.xcconfig */ = {isa = PBXFileReference; includeInIndex = 1; lastKnownFileType = text.xcconfig; name = "Pods-Sourcer-iOS.release.xcconfig"; path = "Pods/Target Support Files/Pods-Sourcer-iOS/Pods-Sourcer-iOS.release.xcconfig"; sourceTree = "<group>"; };
/* End PBXFileReference section */

/* Begin PBXFrameworksBuildPhase section */
		0418CAE11F3CE49200818D21 /* Frameworks */ = {
			isa = PBXFrameworksBuildPhase;
			buildActionMask = 2147483647;
			files = (
				04FF99A71F3D8901006F813A /* Open.framework in Frameworks */,
				04FF999E1F3D86A2006F813A /* RxCocoa.framework in Frameworks */,
				5D702D7168804E2DC6FD307E /* Pods_Sourcer_iOS.framework in Frameworks */,
			);
			runOnlyForDeploymentPostprocessing = 0;
		};
		0418CAF41F3CE49200818D21 /* Frameworks */ = {
			isa = PBXFrameworksBuildPhase;
			buildActionMask = 2147483647;
			files = (
				04FF9A051F3D9C62006F813A /* RxTest.framework in Frameworks */,
				14964DF37E7D9E7FDFDFAC8B /* Pods_Sourcer_iOSTests.framework in Frameworks */,
			);
			runOnlyForDeploymentPostprocessing = 0;
		};
		0418CAFF1F3CE49200818D21 /* Frameworks */ = {
			isa = PBXFrameworksBuildPhase;
			buildActionMask = 2147483647;
			files = (
			);
			runOnlyForDeploymentPostprocessing = 0;
		};
		043CB5CA1F18D7950097F577 /* Frameworks */ = {
			isa = PBXFrameworksBuildPhase;
			buildActionMask = 2147483647;
			files = (
				041275D21F1CF17500F88822 /* RxSwift.framework in Frameworks */,
				041275D11F1CF17500F88822 /* RxCocoa.framework in Frameworks */,
				04FF99911F3D8528006F813A /* Open.framework in Frameworks */,
				04FF99901F3D8525006F813A /* Crashlytics.framework in Frameworks */,
				540F88211F4AD944A6BD2B87 /* Pods_Sourcer.framework in Frameworks */,
				04FF99921F3D852E006F813A /* Fabric.framework in Frameworks */,
			);
			runOnlyForDeploymentPostprocessing = 0;
		};
		043CB5DA1F18D7950097F577 /* Frameworks */ = {
			isa = PBXFrameworksBuildPhase;
			buildActionMask = 2147483647;
			files = (
				04FF9A041F3D9C14006F813A /* RxTest.framework in Frameworks */,
				FDF673AE8CCD863B55A1175C /* Pods_SourcerTests.framework in Frameworks */,
			);
			runOnlyForDeploymentPostprocessing = 0;
		};
		04FF99B31F3D897A006F813A /* Frameworks */ = {
			isa = PBXFrameworksBuildPhase;
			buildActionMask = 2147483647;
			files = (
				04FF99FC1F3D9B23006F813A /* Open.framework in Frameworks */,
			);
			runOnlyForDeploymentPostprocessing = 0;
		};
		CC337AD0BC9435C7366760BA /* Frameworks */ = {
			isa = PBXFrameworksBuildPhase;
			buildActionMask = 2147483647;
			files = (
			);
			runOnlyForDeploymentPostprocessing = 0;
		};
/* End PBXFrameworksBuildPhase section */

/* Begin PBXGroup section */
		0418CB121F3CE50100818D21 /* macOS */ = {
			isa = PBXGroup;
			children = (
				0418CB2D1F3CE54B00818D21 /* Info.plist */,
				0418CB2C1F3CE54B00818D21 /* Tests.plist */,
				04FF99D21F3D89BE006F813A /* Resources */,
				0418CB131F3CE50100818D21 /* Sources */,
				0418CB1F1F3CE50100818D21 /* Support */,
				0418CB211F3CE50100818D21 /* Tests */,
			);
			path = macOS;
			sourceTree = "<group>";
		};
		0418CB131F3CE50100818D21 /* Sources */ = {
			isa = PBXGroup;
			children = (
				0418CB141F3CE50100818D21 /* App */,
				0418CB161F3CE50100818D21 /* Core */,
				0418CB1A1F3CE50100818D21 /* Login */,
			);
			path = Sources;
			sourceTree = "<group>";
		};
		0418CB141F3CE50100818D21 /* App */ = {
			isa = PBXGroup;
			children = (
				0418CB151F3CE50100818D21 /* AppDelegate.swift */,
			);
			path = App;
			sourceTree = "<group>";
		};
		0418CB161F3CE50100818D21 /* Core */ = {
			isa = PBXGroup;
			children = (
				0418CB171F3CE50100818D21 /* Answers+Analytics.swift */,
				0418CB181F3CE50100818D21 /* AppDependencies.swift */,
				0418CB191F3CE50100818D21 /* Crashlytics+TechLogging.swift */,
			);
			path = Core;
			sourceTree = "<group>";
		};
		0418CB1A1F3CE50100818D21 /* Login */ = {
			isa = PBXGroup;
			children = (
				0418CB1B1F3CE50100818D21 /* LoginViewController.swift */,
				0418CB1C1F3CE50100818D21 /* LoginViewController.xib */,
				0418CB1D1F3CE50100818D21 /* LoginWindowController.swift */,
				0418CB1E1F3CE50100818D21 /* LoginWindowController.xib */,
			);
			path = Login;
			sourceTree = "<group>";
		};
		0418CB1F1F3CE50100818D21 /* Support */ = {
			isa = PBXGroup;
			children = (
				0418CB201F3CE50100818D21 /* Sourcer.entitlements */,
			);
			path = Support;
			sourceTree = "<group>";
		};
		0418CB211F3CE50100818D21 /* Tests */ = {
			isa = PBXGroup;
			children = (
				0418CB221F3CE50100818D21 /* SourcerTests.swift */,
			);
			path = Tests;
			sourceTree = "<group>";
		};
		0418CB2E1F3CE57500818D21 /* iOS */ = {
			isa = PBXGroup;
			children = (
				0418CB401F3CE5B800818D21 /* Info.plist */,
				0418CB3E1F3CE5B800818D21 /* Tests.plist */,
				0418CB3F1F3CE5B800818D21 /* UITests.plist */,
				0418CB471F3CE62F00818D21 /* Resources */,
				0418CB2F1F3CE57500818D21 /* Sources */,
				0418CB381F3CE57500818D21 /* Tests */,
				0418CB3B1F3CE57500818D21 /* UITests */,
			);
			path = iOS;
			sourceTree = "<group>";
		};
		0418CB2F1F3CE57500818D21 /* Sources */ = {
			isa = PBXGroup;
			children = (
				0418CB431F3CE61B00818D21 /* App */,
				0418CB411F3CE61B00818D21 /* Home */,
			);
			path = Sources;
			sourceTree = "<group>";
		};
		0418CB381F3CE57500818D21 /* Tests */ = {
			isa = PBXGroup;
			children = (
				0418CB3A1F3CE57500818D21 /* Sourcer_iOSTests.swift */,
			);
			path = Tests;
			sourceTree = "<group>";
		};
		0418CB3B1F3CE57500818D21 /* UITests */ = {
			isa = PBXGroup;
			children = (
				0418CB3D1F3CE57500818D21 /* Sourcer_iOSUITests.swift */,
			);
			path = UITests;
			sourceTree = "<group>";
		};
		0418CB411F3CE61B00818D21 /* Home */ = {
			isa = PBXGroup;
			children = (
				0418CB421F3CE61B00818D21 /* ViewController.swift */,
			);
			path = Home;
			sourceTree = "<group>";
		};
		0418CB431F3CE61B00818D21 /* App */ = {
			isa = PBXGroup;
			children = (
				0418CB441F3CE61B00818D21 /* AppDelegate.swift */,
			);
			path = App;
			sourceTree = "<group>";
		};
		0418CB471F3CE62F00818D21 /* Resources */ = {
			isa = PBXGroup;
			children = (
				0418CB481F3CE62F00818D21 /* Assets.xcassets */,
				0418CB491F3CE62F00818D21 /* LaunchScreen.storyboard */,
				0418CB4B1F3CE62F00818D21 /* Main.storyboard */,
			);
			path = Resources;
			sourceTree = "<group>";
		};
		043CB5C41F18D7950097F577 = {
			isa = PBXGroup;
			children = (
				04FF99DC1F3D987B006F813A /* watchOS */,
				0418CB2E1F3CE57500818D21 /* iOS */,
				0418CB121F3CE50100818D21 /* macOS */,
				043CB5FC1F18E0450097F577 /* Configurations */,
				043CB5CE1F18D7950097F577 /* Products */,
				318E30F606824407A776D390 /* Pods */,
				6DE86BD0D006F7B1610D28C0 /* Frameworks */,
			);
			sourceTree = "<group>";
		};
		043CB5CE1F18D7950097F577 /* Products */ = {
			isa = PBXGroup;
			children = (
				043CB5CD1F18D7950097F577 /* Sourcer.app */,
				043CB5DD1F18D7950097F577 /* SourcerTests.xctest */,
				0418CAE41F3CE49200818D21 /* Sourcer.app */,
				0418CAF71F3CE49200818D21 /* SourcerTests.xctest */,
				0418CB021F3CE49200818D21 /* SourcerUITests.xctest */,
				04FF99AA1F3D897A006F813A /* Sourcer-watchOS.app */,
				04FF99B61F3D897A006F813A /* Sourcer-watchOS Extension.appex */,
			);
			name = Products;
			sourceTree = "<group>";
		};
		043CB5FC1F18E0450097F577 /* Configurations */ = {
			isa = PBXGroup;
			children = (
				043CB60C1F18E3B00097F577 /* Base */,
				043CB6021F18E3B00097F577 /* iOS */,
				043CB61D1F18E3B00097F577 /* Mac OS X */,
				043CB6171F18E3B00097F577 /* README.md */,
				043CB6071F18E3B00097F577 /* tvOS */,
				043CB6181F18E3B00097F577 /* watchOS */,
				043EADF21F39D6F80051E1AB /* Open-Base.xcconfig */,
			);
			path = Configurations;
			sourceTree = "<group>";
		};
		043CB6021F18E3B00097F577 /* iOS */ = {
			isa = PBXGroup;
			children = (
				043CB6031F18E3B00097F577 /* iOS-Application.xcconfig */,
				043CB6041F18E3B00097F577 /* iOS-Base.xcconfig */,
				043CB6051F18E3B00097F577 /* iOS-Framework.xcconfig */,
				043CB6061F18E3B00097F577 /* iOS-StaticLibrary.xcconfig */,
			);
			path = iOS;
			sourceTree = "<group>";
		};
		043CB6071F18E3B00097F577 /* tvOS */ = {
			isa = PBXGroup;
			children = (
				043CB6081F18E3B00097F577 /* tvOS-Application.xcconfig */,
				043CB6091F18E3B00097F577 /* tvOS-Base.xcconfig */,
				043CB60A1F18E3B00097F577 /* tvOS-Framework.xcconfig */,
				043CB60B1F18E3B00097F577 /* tvOS-StaticLibrary.xcconfig */,
			);
			path = tvOS;
			sourceTree = "<group>";
		};
		043CB60C1F18E3B00097F577 /* Base */ = {
			isa = PBXGroup;
			children = (
				043CB60D1F18E3B00097F577 /* Common.xcconfig */,
				043CB60E1F18E3B00097F577 /* Configurations */,
				043CB6131F18E3B00097F577 /* Targets */,
			);
			path = Base;
			sourceTree = "<group>";
		};
		043CB60E1F18E3B00097F577 /* Configurations */ = {
			isa = PBXGroup;
			children = (
				043CB60F1F18E3B00097F577 /* Debug.xcconfig */,
				043CB6101F18E3B00097F577 /* Profile.xcconfig */,
				043CB6111F18E3B00097F577 /* Release.xcconfig */,
				043CB6121F18E3B00097F577 /* Test.xcconfig */,
			);
			path = Configurations;
			sourceTree = "<group>";
		};
		043CB6131F18E3B00097F577 /* Targets */ = {
			isa = PBXGroup;
			children = (
				043CB6141F18E3B00097F577 /* Application.xcconfig */,
				043CB6151F18E3B00097F577 /* Framework.xcconfig */,
				043CB6161F18E3B00097F577 /* StaticLibrary.xcconfig */,
			);
			path = Targets;
			sourceTree = "<group>";
		};
		043CB6181F18E3B00097F577 /* watchOS */ = {
			isa = PBXGroup;
			children = (
				043CB6191F18E3B00097F577 /* watchOS-Application.xcconfig */,
				043CB61A1F18E3B00097F577 /* watchOS-Base.xcconfig */,
				043CB61B1F18E3B00097F577 /* watchOS-Framework.xcconfig */,
				043CB61C1F18E3B00097F577 /* watchOS-StaticLibrary.xcconfig */,
			);
			path = watchOS;
			sourceTree = "<group>";
		};
		043CB61D1F18E3B00097F577 /* Mac OS X */ = {
			isa = PBXGroup;
			children = (
				043CB61E1F18E3B00097F577 /* Mac-Application.xcconfig */,
				043CB61F1F18E3B00097F577 /* Mac-Base.xcconfig */,
				043CB6201F18E3B00097F577 /* Mac-DynamicLibrary.xcconfig */,
				043CB6211F18E3B00097F577 /* Mac-Framework.xcconfig */,
				043CB6221F18E3B00097F577 /* Mac-StaticLibrary.xcconfig */,
			);
			path = "Mac OS X";
			sourceTree = "<group>";
		};
		04FF99881F3D841E006F813A /* iOS */ = {
			isa = PBXGroup;
			children = (
				04FF9A011F3D9BDE006F813A /* RxTest.framework */,
				04FF999D1F3D86A2006F813A /* RxCocoa.framework */,
				04FF99991F3D8601006F813A /* Open.framework */,
			);
			name = iOS;
			sourceTree = "<group>";
		};
		04FF998A1F3D8439006F813A /* macOS */ = {
			isa = PBXGroup;
			children = (
				04FF9A031F3D9C0B006F813A /* RxTest.framework */,
				041275CF1F1CF17500F88822 /* RxCocoa.framework */,
				041275D01F1CF17500F88822 /* RxSwift.framework */,
				04FF998E1F3D8446006F813A /* Fabric.framework */,
				04FF998D1F3D8446006F813A /* Crashlytics.framework */,
				04FF998F1F3D8446006F813A /* Open.framework */,
			);
			name = macOS;
			sourceTree = "<group>";
		};
		04FF99D21F3D89BE006F813A /* Resources */ = {
			isa = PBXGroup;
			children = (
				04FF99D31F3D89BE006F813A /* Certificates */,
				04FF99D51F3D89BE006F813A /* Images */,
				04FF99D71F3D89BE006F813A /* XIBs */,
			);
			path = Resources;
			sourceTree = "<group>";
		};
		04FF99D31F3D89BE006F813A /* Certificates */ = {
			isa = PBXGroup;
			children = (
				04FF99D41F3D89BE006F813A /* dsa_pub.pem */,
			);
			path = Certificates;
			sourceTree = "<group>";
		};
		04FF99D51F3D89BE006F813A /* Images */ = {
			isa = PBXGroup;
			children = (
				04FF99D61F3D89BE006F813A /* Assets.xcassets */,
			);
			path = Images;
			sourceTree = "<group>";
		};
		04FF99D71F3D89BE006F813A /* XIBs */ = {
			isa = PBXGroup;
			children = (
				04FF99D81F3D89BE006F813A /* MainMenu.xib */,
			);
			path = XIBs;
			sourceTree = "<group>";
		};
		04FF99DC1F3D987B006F813A /* watchOS */ = {
			isa = PBXGroup;
			children = (
				04FF99DD1F3D987B006F813A /* App */,
				04FF99E41F3D987B006F813A /* Extension */,
			);
			path = watchOS;
			sourceTree = "<group>";
		};
		04FF99DD1F3D987B006F813A /* App */ = {
			isa = PBXGroup;
			children = (
				04FF99DE1F3D987B006F813A /* Info.plist */,
				04FF99DF1F3D987B006F813A /* Resources */,
			);
			path = App;
			sourceTree = "<group>";
		};
		04FF99DF1F3D987B006F813A /* Resources */ = {
			isa = PBXGroup;
			children = (
				04FF99E01F3D987B006F813A /* Images */,
				04FF99E21F3D987B006F813A /* Storyboards */,
			);
			path = Resources;
			sourceTree = "<group>";
		};
		04FF99E01F3D987B006F813A /* Images */ = {
			isa = PBXGroup;
			children = (
				04FF99E11F3D987B006F813A /* Assets.xcassets */,
			);
			path = Images;
			sourceTree = "<group>";
		};
		04FF99E21F3D987B006F813A /* Storyboards */ = {
			isa = PBXGroup;
			children = (
				04FF99E31F3D987B006F813A /* Interface.storyboard */,
			);
			path = Storyboards;
			sourceTree = "<group>";
		};
		04FF99E41F3D987B006F813A /* Extension */ = {
			isa = PBXGroup;
			children = (
				04FF99E51F3D987B006F813A /* Info.plist */,
				04FF99E61F3D987B006F813A /* Resources */,
				04FF99EB1F3D987B006F813A /* Sources */,
			);
			path = Extension;
			sourceTree = "<group>";
		};
		04FF99E61F3D987B006F813A /* Resources */ = {
			isa = PBXGroup;
			children = (
				04FF99E71F3D987B006F813A /* Images */,
				04FF99E91F3D987B006F813A /* Other */,
			);
			path = Resources;
			sourceTree = "<group>";
		};
		04FF99E71F3D987B006F813A /* Images */ = {
			isa = PBXGroup;
			children = (
				04FF99E81F3D987B006F813A /* Assets.xcassets */,
			);
			path = Images;
			sourceTree = "<group>";
		};
		04FF99E91F3D987B006F813A /* Other */ = {
			isa = PBXGroup;
			children = (
				04FF99EA1F3D987B006F813A /* PushNotificationPayload.apns */,
			);
			path = Other;
			sourceTree = "<group>";
		};
		04FF99EB1F3D987B006F813A /* Sources */ = {
			isa = PBXGroup;
			children = (
				04FF99EC1F3D987B006F813A /* ComplicationController.swift */,
				04FF99ED1F3D987B006F813A /* ExtensionDelegate.swift */,
				04FF99EE1F3D987B006F813A /* InterfaceController.swift */,
				04FF99EF1F3D987B006F813A /* NotificationController.swift */,
			);
			path = Sources;
			sourceTree = "<group>";
		};
		04FF99FA1F3D9B00006F813A /* watchOS */ = {
			isa = PBXGroup;
			children = (
				04FF99FB1F3D9B04006F813A /* Open.framework */,
			);
			name = watchOS;
			sourceTree = "<group>";
		};
		318E30F606824407A776D390 /* Pods */ = {
			isa = PBXGroup;
			children = (
				3C488476E37461D8D22D0F9F /* Pods-Sourcer.debug.xcconfig */,
				04E445C8B4AF8B3556C1B70D /* Pods-Sourcer.release.xcconfig */,
				A2DFCA0D9C348090A9240D49 /* Pods-SourcerTests.debug.xcconfig */,
				24EE79B37C4CB412A5FBB31A /* Pods-SourcerTests.release.xcconfig */,
				9FFBC55A72519186782ABE6F /* Pods-Sourcer-iOS.debug.xcconfig */,
				EAE7F0CEFA925D63E7E7D7F1 /* Pods-Sourcer-iOS.release.xcconfig */,
				80960FB5B1E719CE3BF616D1 /* Pods-Sourcer-iOSTests.debug.xcconfig */,
				899055D3DA02C0A3958A38C8 /* Pods-Sourcer-iOSTests.release.xcconfig */,
			);
			name = Pods;
			sourceTree = "<group>";
		};
		6DE86BD0D006F7B1610D28C0 /* Frameworks */ = {
			isa = PBXGroup;
			children = (
				04FF99FA1F3D9B00006F813A /* watchOS */,
				04FF998A1F3D8439006F813A /* macOS */,
				04FF99881F3D841E006F813A /* iOS */,
				DE81032FEB37D50395ADBFC8 /* Pods_Sourcer.framework */,
				6CF7FA266EACDB53D4AD236C /* Pods_SourcerTests.framework */,
				2C43F84840CAFA7B8050BE76 /* Pods_Sourcer_iOSTests.framework */,
				7752FF6510C6537283EE2D9B /* Pods_Sourcer_iOS.framework */,
			);
			name = Frameworks;
			sourceTree = "<group>";
		};
/* End PBXGroup section */

/* Begin PBXNativeTarget section */
		0418CAE31F3CE49200818D21 /* Sourcer-iOS */ = {
			isa = PBXNativeTarget;
			buildConfigurationList = 0418CB0F1F3CE49200818D21 /* Build configuration list for PBXNativeTarget "Sourcer-iOS" */;
			buildPhases = (
				AC71CC1B22A41D96EA0D7B35 /* [CP] Check Pods Manifest.lock */,
				0418CAE01F3CE49200818D21 /* Sources */,
				0418CAE11F3CE49200818D21 /* Frameworks */,
				0418CAE21F3CE49200818D21 /* Resources */,
				04FF99981F3D8599006F813A /* Embed Frameworks */,
				04FF999C1F3D8636006F813A /* Embed Carthage Frameworks */,
				04FF99C91F3D897A006F813A /* Embed Watch Content */,
				7BA53D59363C9FC086179FA1 /* [CP] Embed Pods Frameworks */,
				B6068B3810F2C0FFC2F09414 /* [CP] Copy Pods Resources */,
			);
			buildRules = (
			);
			dependencies = (
				04FF99C81F3D897A006F813A /* PBXTargetDependency */,
			);
			name = "Sourcer-iOS";
			productName = "Sourcer-iOS";
			productReference = 0418CAE41F3CE49200818D21 /* Sourcer.app */;
			productType = "com.apple.product-type.application";
		};
		0418CAF61F3CE49200818D21 /* Sourcer-iOSTests */ = {
			isa = PBXNativeTarget;
			buildConfigurationList = 0418CB101F3CE49200818D21 /* Build configuration list for PBXNativeTarget "Sourcer-iOSTests" */;
			buildPhases = (
				71D44350854A52FDFA8EB6D3 /* [CP] Check Pods Manifest.lock */,
				0418CAF31F3CE49200818D21 /* Sources */,
				0418CAF41F3CE49200818D21 /* Frameworks */,
				0418CAF51F3CE49200818D21 /* Resources */,
				04FF99A11F3D87B7006F813A /* Embed Frameworks */,
				04FF99A31F3D87C4006F813A /* Embed Carthage Frameworks */,
				66FAF5AE4827DD3286AD622F /* [CP] Embed Pods Frameworks */,
				3F43523DDDB037D6E1C85A73 /* [CP] Copy Pods Resources */,
			);
			buildRules = (
			);
			dependencies = (
				0418CAF91F3CE49200818D21 /* PBXTargetDependency */,
			);
			name = "Sourcer-iOSTests";
			productName = "Sourcer-iOSTests";
			productReference = 0418CAF71F3CE49200818D21 /* SourcerTests.xctest */;
			productType = "com.apple.product-type.bundle.unit-test";
		};
		0418CB011F3CE49200818D21 /* Sourcer-iOSUITests */ = {
			isa = PBXNativeTarget;
			buildConfigurationList = 0418CB111F3CE49200818D21 /* Build configuration list for PBXNativeTarget "Sourcer-iOSUITests" */;
			buildPhases = (
				0418CAFE1F3CE49200818D21 /* Sources */,
				0418CAFF1F3CE49200818D21 /* Frameworks */,
				0418CB001F3CE49200818D21 /* Resources */,
			);
			buildRules = (
			);
			dependencies = (
				0418CB041F3CE49200818D21 /* PBXTargetDependency */,
			);
			name = "Sourcer-iOSUITests";
			productName = "Sourcer-iOSUITests";
			productReference = 0418CB021F3CE49200818D21 /* SourcerUITests.xctest */;
			productType = "com.apple.product-type.bundle.ui-testing";
		};
		043CB5CC1F18D7950097F577 /* Sourcer */ = {
			isa = PBXNativeTarget;
			buildConfigurationList = 043CB5E61F18D7950097F577 /* Build configuration list for PBXNativeTarget "Sourcer" */;
			buildPhases = (
				F9C6AF9F1772076A6D826286 /* [CP] Check Pods Manifest.lock */,
				043CB5C91F18D7950097F577 /* Sources */,
				043CB5CA1F18D7950097F577 /* Frameworks */,
				043CB5CB1F18D7950097F577 /* Resources */,
				3AF3DC73906A4B82C905B044 /* [CP] Embed Pods Frameworks */,
				CE7C4FA00E44CB8D9D4031E8 /* [CP] Copy Pods Resources */,
				049B1F421F18E6E2001F946B /* Embed Frameworks */,
				04FF999F1F3D86F1006F813A /* Embed Carthage Frameworks */,
				04B529B41F1BDFE9005AC5B9 /* Swiftlint */,
				04CEDFE41F1CF74C00A82D69 /* Fabric */,
			);
			buildRules = (
			);
			dependencies = (
			);
			name = Sourcer;
			productName = Sourcer;
			productReference = 043CB5CD1F18D7950097F577 /* Sourcer.app */;
			productType = "com.apple.product-type.application";
		};
		043CB5DC1F18D7950097F577 /* SourcerTests */ = {
			isa = PBXNativeTarget;
			buildConfigurationList = 043CB5E91F18D7950097F577 /* Build configuration list for PBXNativeTarget "SourcerTests" */;
			buildPhases = (
				C35A9D3024F5930B96D0A692 /* [CP] Check Pods Manifest.lock */,
				043CB5D91F18D7950097F577 /* Sources */,
				043CB5DA1F18D7950097F577 /* Frameworks */,
				043CB5DB1F18D7950097F577 /* Resources */,
				FDDF6CBC52390BAB7BCB2C88 /* [CP] Embed Pods Frameworks */,
				A3E0E5C51F92913DA163DEB6 /* [CP] Copy Pods Resources */,
				04FF99A01F3D8745006F813A /* Embed Carthage Frameworks */,
			);
			buildRules = (
			);
			dependencies = (
				043CB5DF1F18D7950097F577 /* PBXTargetDependency */,
			);
			name = SourcerTests;
			productName = SourcerTests;
			productReference = 043CB5DD1F18D7950097F577 /* SourcerTests.xctest */;
			productType = "com.apple.product-type.bundle.unit-test";
		};
		04FF99A91F3D897A006F813A /* Sourcer-watchOS */ = {
			isa = PBXNativeTarget;
			buildConfigurationList = 04FF99D11F3D897A006F813A /* Build configuration list for PBXNativeTarget "Sourcer-watchOS" */;
			buildPhases = (
				04FF99A81F3D897A006F813A /* Resources */,
				04FF99D01F3D897A006F813A /* Embed App Extensions */,
				CC337AD0BC9435C7366760BA /* Frameworks */,
			);
			buildRules = (
			);
			dependencies = (
				04FF99B91F3D897A006F813A /* PBXTargetDependency */,
			);
			name = "Sourcer-watchOS";
			productName = "Sourcer-watchOS";
			productReference = 04FF99AA1F3D897A006F813A /* Sourcer-watchOS.app */;
			productType = "com.apple.product-type.application.watchapp2";
		};
		04FF99B51F3D897A006F813A /* Sourcer-watchOS Extension */ = {
			isa = PBXNativeTarget;
			buildConfigurationList = 04FF99CF1F3D897A006F813A /* Build configuration list for PBXNativeTarget "Sourcer-watchOS Extension" */;
			buildPhases = (
				04FF99B21F3D897A006F813A /* Sources */,
				04FF99B31F3D897A006F813A /* Frameworks */,
				04FF99B41F3D897A006F813A /* Resources */,
				04FF99FF1F3D9B26006F813A /* Embed Frameworks */,
				04FF9A001F3D9B40006F813A /* Embed Carthage Frameworks */,
			);
			buildRules = (
			);
			dependencies = (
			);
			name = "Sourcer-watchOS Extension";
			productName = "Sourcer-watchOS Extension";
			productReference = 04FF99B61F3D897A006F813A /* Sourcer-watchOS Extension.appex */;
			productType = "com.apple.product-type.watchkit2-extension";
		};
/* End PBXNativeTarget section */

/* Begin PBXProject section */
		043CB5C51F18D7950097F577 /* Project object */ = {
			isa = PBXProject;
			attributes = {
				LastSwiftUpdateCheck = 0900;
				LastUpgradeCheck = 0900;
				ORGANIZATIONNAME = Caramba;
				TargetAttributes = {
					0418CAE31F3CE49200818D21 = {
						CreatedOnToolsVersion = 9.0;
					};
					0418CAF61F3CE49200818D21 = {
						CreatedOnToolsVersion = 9.0;
						TestTargetID = 0418CAE31F3CE49200818D21;
					};
					0418CB011F3CE49200818D21 = {
						CreatedOnToolsVersion = 9.0;
						TestTargetID = 0418CAE31F3CE49200818D21;
					};
					043CB5CC1F18D7950097F577 = {
						CreatedOnToolsVersion = 9.0;
						ProvisioningStyle = Manual;
					};
					043CB5DC1F18D7950097F577 = {
						CreatedOnToolsVersion = 9.0;
						TestTargetID = 043CB5CC1F18D7950097F577;
					};
					04FF99A91F3D897A006F813A = {
						CreatedOnToolsVersion = 9.0;
					};
					04FF99B51F3D897A006F813A = {
						CreatedOnToolsVersion = 9.0;
					};
				};
			};
			buildConfigurationList = 043CB5C81F18D7950097F577 /* Build configuration list for PBXProject "Sourcer" */;
			compatibilityVersion = "Xcode 8.0";
			developmentRegion = en;
			hasScannedForEncodings = 0;
			knownRegions = (
				en,
				Base,
			);
			mainGroup = 043CB5C41F18D7950097F577;
			productRefGroup = 043CB5CE1F18D7950097F577 /* Products */;
			projectDirPath = "";
			projectRoot = "";
			targets = (
				043CB5CC1F18D7950097F577 /* Sourcer */,
				043CB5DC1F18D7950097F577 /* SourcerTests */,
				0418CAE31F3CE49200818D21 /* Sourcer-iOS */,
				0418CAF61F3CE49200818D21 /* Sourcer-iOSTests */,
				0418CB011F3CE49200818D21 /* Sourcer-iOSUITests */,
				04FF99A91F3D897A006F813A /* Sourcer-watchOS */,
				04FF99B51F3D897A006F813A /* Sourcer-watchOS Extension */,
			);
		};
/* End PBXProject section */

/* Begin PBXResourcesBuildPhase section */
		0418CAE21F3CE49200818D21 /* Resources */ = {
			isa = PBXResourcesBuildPhase;
			buildActionMask = 2147483647;
			files = (
				0471EAD71F3CE68A000A4B6A /* LaunchScreen.storyboard in Resources */,
				0471EAD91F3CE690000A4B6A /* Assets.xcassets in Resources */,
				0471EAD81F3CE68C000A4B6A /* Main.storyboard in Resources */,
			);
			runOnlyForDeploymentPostprocessing = 0;
		};
		0418CAF51F3CE49200818D21 /* Resources */ = {
			isa = PBXResourcesBuildPhase;
			buildActionMask = 2147483647;
			files = (
			);
			runOnlyForDeploymentPostprocessing = 0;
		};
		0418CB001F3CE49200818D21 /* Resources */ = {
			isa = PBXResourcesBuildPhase;
			buildActionMask = 2147483647;
			files = (
			);
			runOnlyForDeploymentPostprocessing = 0;
		};
		043CB5CB1F18D7950097F577 /* Resources */ = {
			isa = PBXResourcesBuildPhase;
			buildActionMask = 2147483647;
			files = (
				0418CB281F3CE51300818D21 /* LoginViewController.xib in Resources */,
				04FF99DB1F3D89CB006F813A /* MainMenu.xib in Resources */,
				04FF99D91F3D89C4006F813A /* dsa_pub.pem in Resources */,
				04FF99DA1F3D89C7006F813A /* Assets.xcassets in Resources */,
				0418CB2A1F3CE51300818D21 /* LoginWindowController.xib in Resources */,
			);
			runOnlyForDeploymentPostprocessing = 0;
		};
		043CB5DB1F18D7950097F577 /* Resources */ = {
			isa = PBXResourcesBuildPhase;
			buildActionMask = 2147483647;
			files = (
			);
			runOnlyForDeploymentPostprocessing = 0;
		};
		04FF99A81F3D897A006F813A /* Resources */ = {
			isa = PBXResourcesBuildPhase;
			buildActionMask = 2147483647;
			files = (
				04FF99F11F3D9889006F813A /* Interface.storyboard in Resources */,
				04FF99F01F3D9882006F813A /* Assets.xcassets in Resources */,
			);
			runOnlyForDeploymentPostprocessing = 0;
		};
		04FF99B41F3D897A006F813A /* Resources */ = {
			isa = PBXResourcesBuildPhase;
			buildActionMask = 2147483647;
			files = (
				04FF99F61F3D98DE006F813A /* Assets.xcassets in Resources */,
			);
			runOnlyForDeploymentPostprocessing = 0;
		};
/* End PBXResourcesBuildPhase section */

/* Begin PBXShellScriptBuildPhase section */
		04B529B41F1BDFE9005AC5B9 /* Swiftlint */ = {
			isa = PBXShellScriptBuildPhase;
			buildActionMask = 2147483647;
			files = (
			);
			inputPaths = (
			);
			name = Swiftlint;
			outputPaths = (
			);
			runOnlyForDeploymentPostprocessing = 0;
			shellPath = /bin/sh;
			shellScript = "if which swiftlint >/dev/null; then\nswiftlint\nelse\necho \"warning: SwiftLint not installed, download from https://github.com/realm/SwiftLint\"\nfi";
		};
		04CEDFE41F1CF74C00A82D69 /* Fabric */ = {
			isa = PBXShellScriptBuildPhase;
			buildActionMask = 2147483647;
			files = (
			);
			inputPaths = (
			);
			name = Fabric;
			outputPaths = (
			);
			runOnlyForDeploymentPostprocessing = 0;
			shellPath = /bin/sh;
			shellScript = "./Fabric.framework/run afb6e42d6c06a2bf33cff3920dbe3196c90d7f33 37c41c3f09cf05edd2e9955cf3c54ba35dca11cc6e365fc8cd18da09398cc42a";
		};
		04FF999C1F3D8636006F813A /* Embed Carthage Frameworks */ = {
			isa = PBXShellScriptBuildPhase;
			buildActionMask = 2147483647;
			files = (
			);
			inputPaths = (
				"$(SRCROOT)/Carthage/Build/iOS/RxSwift.framework",
				"$(SRCROOT)/Carthage/Build/iOS/RxCocoa.framework",
			);
			name = "Embed Carthage Frameworks";
			outputPaths = (
				"$(BUILT_PRODUCTS_DIR)/$(FRAMEWORKS_FOLDER_PATH)/RxSwift.framework",
				"$(BUILT_PRODUCTS_DIR)/$(FRAMEWORKS_FOLDER_PATH)/RxCocoa.framework",
			);
			runOnlyForDeploymentPostprocessing = 0;
			shellPath = /bin/sh;
			shellScript = "/usr/local/bin/carthage copy-frameworks";
		};
		04FF999F1F3D86F1006F813A /* Embed Carthage Frameworks */ = {
			isa = PBXShellScriptBuildPhase;
			buildActionMask = 2147483647;
			files = (
			);
			inputPaths = (
				"$(SRCROOT)/Carthage/Build/Mac/RxSwift.framework",
				"$(SRCROOT)/Carthage/Build/Mac/RxCocoa.framework",
			);
			name = "Embed Carthage Frameworks";
			outputPaths = (
				"$(BUILT_PRODUCTS_DIR)/$(FRAMEWORKS_FOLDER_PATH)/RxSwift.framework",
				"$(BUILT_PRODUCTS_DIR)/$(FRAMEWORKS_FOLDER_PATH)/RxCocoa.framework",
			);
			runOnlyForDeploymentPostprocessing = 0;
			shellPath = /bin/sh;
			shellScript = "/usr/local/bin/carthage copy-frameworks";
		};
		04FF99A01F3D8745006F813A /* Embed Carthage Frameworks */ = {
			isa = PBXShellScriptBuildPhase;
			buildActionMask = 2147483647;
			files = (
			);
			inputPaths = (
				"$(SRCROOT)/Carthage/Build/Mac/RxSwift.framework",
				"$(SRCROOT)/Carthage/Build/Mac/RxCocoa.framework",
				"$(SRCROOT)/Carthage/Build/Mac/RxTest.framework",
			);
			name = "Embed Carthage Frameworks";
			outputPaths = (
				"$(BUILT_PRODUCTS_DIR)/$(FRAMEWORKS_FOLDER_PATH)/RxSwift.framework",
				"$(BUILT_PRODUCTS_DIR)/$(FRAMEWORKS_FOLDER_PATH)/RxCocoa.framework",
				"$(BUILT_PRODUCTS_DIR)/$(FRAMEWORKS_FOLDER_PATH)/RxTest.framework",
			);
			runOnlyForDeploymentPostprocessing = 0;
			shellPath = /bin/sh;
			shellScript = "/usr/local/bin/carthage copy-frameworks";
		};
		04FF99A31F3D87C4006F813A /* Embed Carthage Frameworks */ = {
			isa = PBXShellScriptBuildPhase;
			buildActionMask = 2147483647;
			files = (
			);
			inputPaths = (
				"$(SRCROOT)/Carthage/Build/iOS/RxSwift.framework",
				"$(SRCROOT)/Carthage/Build/iOS/RxCocoa.framework",
				"$(SRCROOT)/Carthage/Build/iOS/RxTest.framework",
			);
			name = "Embed Carthage Frameworks";
			outputPaths = (
				"$(BUILT_PRODUCTS_DIR)/$(FRAMEWORKS_FOLDER_PATH)/RxSwift.framework",
				"$(BUILT_PRODUCTS_DIR)/$(FRAMEWORKS_FOLDER_PATH)/RxCocoa.framework",
				"$(BUILT_PRODUCTS_DIR)/$(FRAMEWORKS_FOLDER_PATH)/RxTest.framework",
			);
			runOnlyForDeploymentPostprocessing = 0;
			shellPath = /bin/sh;
			shellScript = "/usr/local/bin/carthage copy-frameworks";
		};
		04FF9A001F3D9B40006F813A /* Embed Carthage Frameworks */ = {
			isa = PBXShellScriptBuildPhase;
			buildActionMask = 2147483647;
			files = (
			);
			inputPaths = (
				"$(SRCROOT)/Carthage/Build/watchOS/RxSwift.framework",
				"$(SRCROOT)/Carthage/Build/watchOS/RxCocoa.framework",
			);
			name = "Embed Carthage Frameworks";
			outputPaths = (
				"$(BUILT_PRODUCTS_DIR)/$(FRAMEWORKS_FOLDER_PATH)/RxSwift.framework",
				"$(BUILT_PRODUCTS_DIR)/$(FRAMEWORKS_FOLDER_PATH)/RxCocoa.framework",
			);
			runOnlyForDeploymentPostprocessing = 0;
			shellPath = /bin/sh;
			shellScript = "/usr/local/bin/carthage copy-frameworks";
		};
		3AF3DC73906A4B82C905B044 /* [CP] Embed Pods Frameworks */ = {
			isa = PBXShellScriptBuildPhase;
			buildActionMask = 2147483647;
			files = (
			);
			inputPaths = (
				"${SRCROOT}/Pods/Target Support Files/Pods-Sourcer/Pods-Sourcer-frameworks.sh",
				"${PODS_ROOT}/Sparkle/Sparkle.framework",
				"${PODS_ROOT}/Sparkle/Sparkle.framework.dSYM",
			);
			name = "[CP] Embed Pods Frameworks";
			outputPaths = (
				"${TARGET_BUILD_DIR}/${FRAMEWORKS_FOLDER_PATH}/Sparkle.framework",
				"${DWARF_DSYM_FOLDER_PATH}/Sparkle.framework.dSYM",
			);
			runOnlyForDeploymentPostprocessing = 0;
			shellPath = /bin/sh;
			shellScript = "\"${SRCROOT}/Pods/Target Support Files/Pods-Sourcer/Pods-Sourcer-frameworks.sh\"\n";
			showEnvVarsInLog = 0;
		};
		3F43523DDDB037D6E1C85A73 /* [CP] Copy Pods Resources */ = {
			isa = PBXShellScriptBuildPhase;
			buildActionMask = 2147483647;
			files = (
			);
			inputPaths = (
			);
			name = "[CP] Copy Pods Resources";
			outputPaths = (
			);
			runOnlyForDeploymentPostprocessing = 0;
			shellPath = /bin/sh;
			shellScript = "\"${SRCROOT}/Pods/Target Support Files/Pods-Sourcer-iOSTests/Pods-Sourcer-iOSTests-resources.sh\"\n";
			showEnvVarsInLog = 0;
		};
		66FAF5AE4827DD3286AD622F /* [CP] Embed Pods Frameworks */ = {
			isa = PBXShellScriptBuildPhase;
			buildActionMask = 2147483647;
			files = (
			);
			inputPaths = (
			);
			name = "[CP] Embed Pods Frameworks";
			outputPaths = (
			);
			runOnlyForDeploymentPostprocessing = 0;
			shellPath = /bin/sh;
			shellScript = "\"${SRCROOT}/Pods/Target Support Files/Pods-Sourcer-iOSTests/Pods-Sourcer-iOSTests-frameworks.sh\"\n";
			showEnvVarsInLog = 0;
		};
		71D44350854A52FDFA8EB6D3 /* [CP] Check Pods Manifest.lock */ = {
			isa = PBXShellScriptBuildPhase;
			buildActionMask = 2147483647;
			files = (
			);
			inputPaths = (
				"${PODS_PODFILE_DIR_PATH}/Podfile.lock",
				"${PODS_ROOT}/Manifest.lock",
			);
			name = "[CP] Check Pods Manifest.lock";
			outputPaths = (
				"$(DERIVED_FILE_DIR)/Pods-Sourcer-iOSTests-checkManifestLockResult.txt",
			);
			runOnlyForDeploymentPostprocessing = 0;
			shellPath = /bin/sh;
			shellScript = "diff \"${PODS_PODFILE_DIR_PATH}/Podfile.lock\" \"${PODS_ROOT}/Manifest.lock\" > /dev/null\nif [ $? != 0 ] ; then\n    # print error to STDERR\n    echo \"error: The sandbox is not in sync with the Podfile.lock. Run 'pod install' or update your CocoaPods installation.\" >&2\n    exit 1\nfi\n# This output is used by Xcode 'outputs' to avoid re-running this script phase.\necho \"SUCCESS\" > \"${SCRIPT_OUTPUT_FILE_0}\"\n";
			showEnvVarsInLog = 0;
		};
		7BA53D59363C9FC086179FA1 /* [CP] Embed Pods Frameworks */ = {
			isa = PBXShellScriptBuildPhase;
			buildActionMask = 2147483647;
			files = (
			);
			inputPaths = (
			);
			name = "[CP] Embed Pods Frameworks";
			outputPaths = (
			);
			runOnlyForDeploymentPostprocessing = 0;
			shellPath = /bin/sh;
			shellScript = "\"${SRCROOT}/Pods/Target Support Files/Pods-Sourcer-iOS/Pods-Sourcer-iOS-frameworks.sh\"\n";
			showEnvVarsInLog = 0;
		};
		A3E0E5C51F92913DA163DEB6 /* [CP] Copy Pods Resources */ = {
			isa = PBXShellScriptBuildPhase;
			buildActionMask = 2147483647;
			files = (
			);
			inputPaths = (
			);
			name = "[CP] Copy Pods Resources";
			outputPaths = (
			);
			runOnlyForDeploymentPostprocessing = 0;
			shellPath = /bin/sh;
			shellScript = "\"${SRCROOT}/Pods/Target Support Files/Pods-SourcerTests/Pods-SourcerTests-resources.sh\"\n";
			showEnvVarsInLog = 0;
		};
		AC71CC1B22A41D96EA0D7B35 /* [CP] Check Pods Manifest.lock */ = {
			isa = PBXShellScriptBuildPhase;
			buildActionMask = 2147483647;
			files = (
			);
			inputPaths = (
				"${PODS_PODFILE_DIR_PATH}/Podfile.lock",
				"${PODS_ROOT}/Manifest.lock",
			);
			name = "[CP] Check Pods Manifest.lock";
			outputPaths = (
				"$(DERIVED_FILE_DIR)/Pods-Sourcer-iOS-checkManifestLockResult.txt",
			);
			runOnlyForDeploymentPostprocessing = 0;
			shellPath = /bin/sh;
			shellScript = "diff \"${PODS_PODFILE_DIR_PATH}/Podfile.lock\" \"${PODS_ROOT}/Manifest.lock\" > /dev/null\nif [ $? != 0 ] ; then\n    # print error to STDERR\n    echo \"error: The sandbox is not in sync with the Podfile.lock. Run 'pod install' or update your CocoaPods installation.\" >&2\n    exit 1\nfi\n# This output is used by Xcode 'outputs' to avoid re-running this script phase.\necho \"SUCCESS\" > \"${SCRIPT_OUTPUT_FILE_0}\"\n";
			showEnvVarsInLog = 0;
		};
		B6068B3810F2C0FFC2F09414 /* [CP] Copy Pods Resources */ = {
			isa = PBXShellScriptBuildPhase;
			buildActionMask = 2147483647;
			files = (
			);
			inputPaths = (
			);
			name = "[CP] Copy Pods Resources";
			outputPaths = (
			);
			runOnlyForDeploymentPostprocessing = 0;
			shellPath = /bin/sh;
			shellScript = "\"${SRCROOT}/Pods/Target Support Files/Pods-Sourcer-iOS/Pods-Sourcer-iOS-resources.sh\"\n";
			showEnvVarsInLog = 0;
		};
		C35A9D3024F5930B96D0A692 /* [CP] Check Pods Manifest.lock */ = {
			isa = PBXShellScriptBuildPhase;
			buildActionMask = 2147483647;
			files = (
			);
			inputPaths = (
				"${PODS_PODFILE_DIR_PATH}/Podfile.lock",
				"${PODS_ROOT}/Manifest.lock",
			);
			name = "[CP] Check Pods Manifest.lock";
			outputPaths = (
				"$(DERIVED_FILE_DIR)/Pods-SourcerTests-checkManifestLockResult.txt",
			);
			runOnlyForDeploymentPostprocessing = 0;
			shellPath = /bin/sh;
			shellScript = "diff \"${PODS_PODFILE_DIR_PATH}/Podfile.lock\" \"${PODS_ROOT}/Manifest.lock\" > /dev/null\nif [ $? != 0 ] ; then\n    # print error to STDERR\n    echo \"error: The sandbox is not in sync with the Podfile.lock. Run 'pod install' or update your CocoaPods installation.\" >&2\n    exit 1\nfi\n# This output is used by Xcode 'outputs' to avoid re-running this script phase.\necho \"SUCCESS\" > \"${SCRIPT_OUTPUT_FILE_0}\"\n";
			showEnvVarsInLog = 0;
		};
		CE7C4FA00E44CB8D9D4031E8 /* [CP] Copy Pods Resources */ = {
			isa = PBXShellScriptBuildPhase;
			buildActionMask = 2147483647;
			files = (
			);
			inputPaths = (
			);
			name = "[CP] Copy Pods Resources";
			outputPaths = (
			);
			runOnlyForDeploymentPostprocessing = 0;
			shellPath = /bin/sh;
			shellScript = "\"${SRCROOT}/Pods/Target Support Files/Pods-Sourcer/Pods-Sourcer-resources.sh\"\n";
			showEnvVarsInLog = 0;
		};
		F9C6AF9F1772076A6D826286 /* [CP] Check Pods Manifest.lock */ = {
			isa = PBXShellScriptBuildPhase;
			buildActionMask = 2147483647;
			files = (
			);
			inputPaths = (
				"${PODS_PODFILE_DIR_PATH}/Podfile.lock",
				"${PODS_ROOT}/Manifest.lock",
			);
			name = "[CP] Check Pods Manifest.lock";
			outputPaths = (
				"$(DERIVED_FILE_DIR)/Pods-Sourcer-checkManifestLockResult.txt",
			);
			runOnlyForDeploymentPostprocessing = 0;
			shellPath = /bin/sh;
			shellScript = "diff \"${PODS_PODFILE_DIR_PATH}/Podfile.lock\" \"${PODS_ROOT}/Manifest.lock\" > /dev/null\nif [ $? != 0 ] ; then\n    # print error to STDERR\n    echo \"error: The sandbox is not in sync with the Podfile.lock. Run 'pod install' or update your CocoaPods installation.\" >&2\n    exit 1\nfi\n# This output is used by Xcode 'outputs' to avoid re-running this script phase.\necho \"SUCCESS\" > \"${SCRIPT_OUTPUT_FILE_0}\"\n";
			showEnvVarsInLog = 0;
		};
		FDDF6CBC52390BAB7BCB2C88 /* [CP] Embed Pods Frameworks */ = {
			isa = PBXShellScriptBuildPhase;
			buildActionMask = 2147483647;
			files = (
			);
			inputPaths = (
			);
			name = "[CP] Embed Pods Frameworks";
			outputPaths = (
			);
			runOnlyForDeploymentPostprocessing = 0;
			shellPath = /bin/sh;
			shellScript = "\"${SRCROOT}/Pods/Target Support Files/Pods-SourcerTests/Pods-SourcerTests-frameworks.sh\"\n";
			showEnvVarsInLog = 0;
		};
/* End PBXShellScriptBuildPhase section */

/* Begin PBXSourcesBuildPhase section */
		0418CAE01F3CE49200818D21 /* Sources */ = {
			isa = PBXSourcesBuildPhase;
			buildActionMask = 2147483647;
			files = (
				04FF99851F3D83AD006F813A /* ViewController.swift in Sources */,
				04FF99841F3D83AA006F813A /* AppDelegate.swift in Sources */,
			);
			runOnlyForDeploymentPostprocessing = 0;
		};
		0418CAF31F3CE49200818D21 /* Sources */ = {
			isa = PBXSourcesBuildPhase;
			buildActionMask = 2147483647;
			files = (
				0418CB451F3CE61E00818D21 /* Sourcer_iOSTests.swift in Sources */,
			);
			runOnlyForDeploymentPostprocessing = 0;
		};
		0418CAFE1F3CE49200818D21 /* Sources */ = {
			isa = PBXSourcesBuildPhase;
			buildActionMask = 2147483647;
			files = (
				0418CB461F3CE62100818D21 /* Sourcer_iOSUITests.swift in Sources */,
			);
			runOnlyForDeploymentPostprocessing = 0;
		};
		043CB5C91F18D7950097F577 /* Sources */ = {
			isa = PBXSourcesBuildPhase;
			buildActionMask = 2147483647;
			files = (
				0418CB251F3CE50E00818D21 /* AppDependencies.swift in Sources */,
				0418CB291F3CE51300818D21 /* LoginWindowController.swift in Sources */,
				0418CB241F3CE50E00818D21 /* Answers+Analytics.swift in Sources */,
				0418CB231F3CE50900818D21 /* AppDelegate.swift in Sources */,
				0418CB271F3CE51300818D21 /* LoginViewController.swift in Sources */,
				0418CB261F3CE50E00818D21 /* Crashlytics+TechLogging.swift in Sources */,
			);
			runOnlyForDeploymentPostprocessing = 0;
		};
		043CB5D91F18D7950097F577 /* Sources */ = {
			isa = PBXSourcesBuildPhase;
			buildActionMask = 2147483647;
			files = (
				0418CB2B1F3CE51B00818D21 /* SourcerTests.swift in Sources */,
			);
			runOnlyForDeploymentPostprocessing = 0;
		};
		04FF99B21F3D897A006F813A /* Sources */ = {
			isa = PBXSourcesBuildPhase;
			buildActionMask = 2147483647;
			files = (
				04FF99F41F3D98C9006F813A /* InterfaceController.swift in Sources */,
				04FF99F31F3D98C9006F813A /* ExtensionDelegate.swift in Sources */,
				04FF99F51F3D98C9006F813A /* NotificationController.swift in Sources */,
				04FF99F21F3D98C9006F813A /* ComplicationController.swift in Sources */,
			);
			runOnlyForDeploymentPostprocessing = 0;
		};
/* End PBXSourcesBuildPhase section */

/* Begin PBXTargetDependency section */
		0418CAF91F3CE49200818D21 /* PBXTargetDependency */ = {
			isa = PBXTargetDependency;
			target = 0418CAE31F3CE49200818D21 /* Sourcer-iOS */;
			targetProxy = 0418CAF81F3CE49200818D21 /* PBXContainerItemProxy */;
		};
		0418CB041F3CE49200818D21 /* PBXTargetDependency */ = {
			isa = PBXTargetDependency;
			target = 0418CAE31F3CE49200818D21 /* Sourcer-iOS */;
			targetProxy = 0418CB031F3CE49200818D21 /* PBXContainerItemProxy */;
		};
		043CB5DF1F18D7950097F577 /* PBXTargetDependency */ = {
			isa = PBXTargetDependency;
			target = 043CB5CC1F18D7950097F577 /* Sourcer */;
			targetProxy = 043CB5DE1F18D7950097F577 /* PBXContainerItemProxy */;
		};
		04FF99B91F3D897A006F813A /* PBXTargetDependency */ = {
			isa = PBXTargetDependency;
			target = 04FF99B51F3D897A006F813A /* Sourcer-watchOS Extension */;
			targetProxy = 04FF99B81F3D897A006F813A /* PBXContainerItemProxy */;
		};
		04FF99C81F3D897A006F813A /* PBXTargetDependency */ = {
			isa = PBXTargetDependency;
			target = 04FF99A91F3D897A006F813A /* Sourcer-watchOS */;
			targetProxy = 04FF99C71F3D897A006F813A /* PBXContainerItemProxy */;
		};
/* End PBXTargetDependency section */

/* Begin PBXVariantGroup section */
		0418CB491F3CE62F00818D21 /* LaunchScreen.storyboard */ = {
			isa = PBXVariantGroup;
			children = (
				0418CB4A1F3CE62F00818D21 /* Base */,
			);
			name = LaunchScreen.storyboard;
			sourceTree = "<group>";
		};
		0418CB4B1F3CE62F00818D21 /* Main.storyboard */ = {
			isa = PBXVariantGroup;
			children = (
				0418CB4C1F3CE62F00818D21 /* Base */,
			);
			name = Main.storyboard;
			sourceTree = "<group>";
		};
/* End PBXVariantGroup section */

/* Begin XCBuildConfiguration section */
		0418CB091F3CE49200818D21 /* Debug */ = {
			isa = XCBuildConfiguration;
			baseConfigurationReference = 9FFBC55A72519186782ABE6F /* Pods-Sourcer-iOS.debug.xcconfig */;
			buildSettings = {
				ASSETCATALOG_COMPILER_APPICON_NAME = AppIcon;
				COPY_PHASE_STRIP = NO;
				FRAMEWORK_SEARCH_PATHS = (
					"$(inherited)",
					"$(PROJECT_DIR)/Carthage/Build/iOS",
				);
				INFOPLIST_FILE = iOS/Info.plist;
				IPHONEOS_DEPLOYMENT_TARGET = 11.0;
				LD_RUNPATH_SEARCH_PATHS = "$(inherited) @executable_path/Frameworks";
				ONLY_ACTIVE_ARCH = YES;
				PRODUCT_BUNDLE_IDENTIFIER = es.ppinera.Sourcer;
				PRODUCT_NAME = Sourcer;
				SDKROOT = iphoneos;
				SWIFT_VERSION = 4.0;
				TARGETED_DEVICE_FAMILY = "1,2";
			};
			name = Debug;
		};
		0418CB0A1F3CE49200818D21 /* Release */ = {
			isa = XCBuildConfiguration;
			baseConfigurationReference = EAE7F0CEFA925D63E7E7D7F1 /* Pods-Sourcer-iOS.release.xcconfig */;
			buildSettings = {
				ASSETCATALOG_COMPILER_APPICON_NAME = AppIcon;
				COPY_PHASE_STRIP = NO;
				FRAMEWORK_SEARCH_PATHS = (
					"$(inherited)",
					"$(PROJECT_DIR)/Carthage/Build/iOS",
				);
				INFOPLIST_FILE = iOS/Info.plist;
				IPHONEOS_DEPLOYMENT_TARGET = 11.0;
				LD_RUNPATH_SEARCH_PATHS = "$(inherited) @executable_path/Frameworks";
				PRODUCT_BUNDLE_IDENTIFIER = es.ppinera.Sourcer;
				PRODUCT_NAME = Sourcer;
				SDKROOT = iphoneos;
				SWIFT_VERSION = 4.0;
				TARGETED_DEVICE_FAMILY = "1,2";
				VALIDATE_PRODUCT = YES;
			};
			name = Release;
		};
		0418CB0B1F3CE49200818D21 /* Debug */ = {
			isa = XCBuildConfiguration;
			baseConfigurationReference = 80960FB5B1E719CE3BF616D1 /* Pods-Sourcer-iOSTests.debug.xcconfig */;
			buildSettings = {
				ALWAYS_EMBED_SWIFT_STANDARD_LIBRARIES = YES;
				BUNDLE_LOADER = "$(TEST_HOST)";
				COPY_PHASE_STRIP = NO;
				FRAMEWORK_SEARCH_PATHS = (
					"$(inherited)",
					"$(PROJECT_DIR)/Carthage/Build/iOS",
				);
				INFOPLIST_FILE = iOS/Tests.plist;
				IPHONEOS_DEPLOYMENT_TARGET = 11.0;
				LD_RUNPATH_SEARCH_PATHS = "$(inherited) @executable_path/Frameworks @loader_path/Frameworks";
				ONLY_ACTIVE_ARCH = YES;
				PRODUCT_BUNDLE_IDENTIFIER = es.ppinera.SourcerTests;
				PRODUCT_NAME = SourcerTests;
				SDKROOT = iphoneos;
				SWIFT_VERSION = 4.0;
				TARGETED_DEVICE_FAMILY = "1,2";
				TEST_HOST = "$(BUILT_PRODUCTS_DIR)/Sourcer.app/Sourcer";
			};
			name = Debug;
		};
		0418CB0C1F3CE49200818D21 /* Release */ = {
			isa = XCBuildConfiguration;
			baseConfigurationReference = 899055D3DA02C0A3958A38C8 /* Pods-Sourcer-iOSTests.release.xcconfig */;
			buildSettings = {
				ALWAYS_EMBED_SWIFT_STANDARD_LIBRARIES = YES;
				BUNDLE_LOADER = "$(TEST_HOST)";
				COPY_PHASE_STRIP = NO;
				FRAMEWORK_SEARCH_PATHS = (
					"$(inherited)",
					"$(PROJECT_DIR)/Carthage/Build/iOS",
				);
				INFOPLIST_FILE = iOS/Tests.plist;
				IPHONEOS_DEPLOYMENT_TARGET = 11.0;
				LD_RUNPATH_SEARCH_PATHS = "$(inherited) @executable_path/Frameworks @loader_path/Frameworks";
				PRODUCT_BUNDLE_IDENTIFIER = es.ppinera.SourcerTests;
				PRODUCT_NAME = SourcerTests;
				SDKROOT = iphoneos;
				SWIFT_VERSION = 4.0;
				TARGETED_DEVICE_FAMILY = "1,2";
				TEST_HOST = "$(BUILT_PRODUCTS_DIR)/Sourcer.app/Sourcer";
				VALIDATE_PRODUCT = YES;
			};
			name = Release;
		};
		0418CB0D1F3CE49200818D21 /* Debug */ = {
			isa = XCBuildConfiguration;
			buildSettings = {
				ALWAYS_EMBED_SWIFT_STANDARD_LIBRARIES = YES;
				COPY_PHASE_STRIP = NO;
				INFOPLIST_FILE = iOS/UITests.plist;
				IPHONEOS_DEPLOYMENT_TARGET = 11.0;
				LD_RUNPATH_SEARCH_PATHS = "$(inherited) @executable_path/Frameworks @loader_path/Frameworks";
				ONLY_ACTIVE_ARCH = YES;
				PRODUCT_BUNDLE_IDENTIFIER = es.ppinera.SourcerUITests;
				PRODUCT_NAME = SourcerUITests;
				SDKROOT = iphoneos;
				SWIFT_VERSION = 4.0;
				TARGETED_DEVICE_FAMILY = "1,2";
				TEST_TARGET_NAME = "Sourcer-iOS";
			};
			name = Debug;
		};
		0418CB0E1F3CE49200818D21 /* Release */ = {
			isa = XCBuildConfiguration;
			buildSettings = {
				ALWAYS_EMBED_SWIFT_STANDARD_LIBRARIES = YES;
				COPY_PHASE_STRIP = NO;
				INFOPLIST_FILE = iOS/UITests.plist;
				IPHONEOS_DEPLOYMENT_TARGET = 11.0;
				LD_RUNPATH_SEARCH_PATHS = "$(inherited) @executable_path/Frameworks @loader_path/Frameworks";
				PRODUCT_BUNDLE_IDENTIFIER = es.ppinera.SourcerUITests;
				PRODUCT_NAME = SourcerUITests;
				SDKROOT = iphoneos;
				SWIFT_VERSION = 4.0;
				TARGETED_DEVICE_FAMILY = "1,2";
				TEST_TARGET_NAME = "Sourcer-iOS";
				VALIDATE_PRODUCT = YES;
			};
			name = Release;
		};
		043CB5E41F18D7950097F577 /* Debug */ = {
			isa = XCBuildConfiguration;
			baseConfigurationReference = 043CB61E1F18E3B00097F577 /* Mac-Application.xcconfig */;
			buildSettings = {
				ALWAYS_SEARCH_USER_PATHS = NO;
				CLANG_ANALYZER_NONNULL = YES;
				CLANG_ANALYZER_NUMBER_OBJECT_CONVERSION = YES_AGGRESSIVE;
				CLANG_CXX_LANGUAGE_STANDARD = "gnu++14";
				CLANG_CXX_LIBRARY = "libc++";
				CLANG_ENABLE_MODULES = YES;
				CLANG_ENABLE_OBJC_ARC = YES;
				CLANG_WARN_BLOCK_CAPTURE_AUTORELEASING = YES;
				CLANG_WARN_BOOL_CONVERSION = YES;
				CLANG_WARN_COMMA = YES;
				CLANG_WARN_CONSTANT_CONVERSION = YES;
				CLANG_WARN_DIRECT_OBJC_ISA_USAGE = YES_ERROR;
				CLANG_WARN_DOCUMENTATION_COMMENTS = YES;
				CLANG_WARN_EMPTY_BODY = YES;
				CLANG_WARN_ENUM_CONVERSION = YES;
				CLANG_WARN_INFINITE_RECURSION = YES;
				CLANG_WARN_INT_CONVERSION = YES;
				CLANG_WARN_NON_LITERAL_NULL_CONVERSION = YES;
				CLANG_WARN_OBJC_LITERAL_CONVERSION = YES;
				CLANG_WARN_OBJC_ROOT_CLASS = YES_ERROR;
				CLANG_WARN_RANGE_LOOP_ANALYSIS = YES;
				CLANG_WARN_STRICT_PROTOTYPES = YES;
				CLANG_WARN_SUSPICIOUS_MOVE = YES;
				CLANG_WARN_UNGUARDED_AVAILABILITY = YES_AGGRESSIVE;
				CLANG_WARN_UNREACHABLE_CODE = YES;
				CLANG_WARN__DUPLICATE_METHOD_MATCH = YES;
				DEBUG_INFORMATION_FORMAT = dwarf;
				ENABLE_STRICT_OBJC_MSGSEND = YES;
				ENABLE_TESTABILITY = YES;
				GCC_C_LANGUAGE_STANDARD = gnu11;
				GCC_DYNAMIC_NO_PIC = NO;
				GCC_NO_COMMON_BLOCKS = YES;
				GCC_OPTIMIZATION_LEVEL = 0;
				GCC_PREPROCESSOR_DEFINITIONS = (
					"DEBUG=1",
					"$(inherited)",
				);
				GCC_WARN_64_TO_32_BIT_CONVERSION = YES;
				GCC_WARN_ABOUT_RETURN_TYPE = YES_ERROR;
				GCC_WARN_UNDECLARED_SELECTOR = YES;
				GCC_WARN_UNINITIALIZED_AUTOS = YES_AGGRESSIVE;
				GCC_WARN_UNUSED_FUNCTION = YES;
				GCC_WARN_UNUSED_VARIABLE = YES;
				MTL_ENABLE_DEBUG_INFO = YES;
				SWIFT_ACTIVE_COMPILATION_CONDITIONS = DEBUG;
				SWIFT_OPTIMIZATION_LEVEL = "-Onone";
			};
			name = Debug;
		};
		043CB5E51F18D7950097F577 /* Release */ = {
			isa = XCBuildConfiguration;
			baseConfigurationReference = 043CB61E1F18E3B00097F577 /* Mac-Application.xcconfig */;
			buildSettings = {
				ALWAYS_SEARCH_USER_PATHS = NO;
				CLANG_ANALYZER_NONNULL = YES;
				CLANG_ANALYZER_NUMBER_OBJECT_CONVERSION = YES_AGGRESSIVE;
				CLANG_CXX_LANGUAGE_STANDARD = "gnu++14";
				CLANG_CXX_LIBRARY = "libc++";
				CLANG_ENABLE_MODULES = YES;
				CLANG_ENABLE_OBJC_ARC = YES;
				CLANG_WARN_BLOCK_CAPTURE_AUTORELEASING = YES;
				CLANG_WARN_BOOL_CONVERSION = YES;
				CLANG_WARN_COMMA = YES;
				CLANG_WARN_CONSTANT_CONVERSION = YES;
				CLANG_WARN_DIRECT_OBJC_ISA_USAGE = YES_ERROR;
				CLANG_WARN_DOCUMENTATION_COMMENTS = YES;
				CLANG_WARN_EMPTY_BODY = YES;
				CLANG_WARN_ENUM_CONVERSION = YES;
				CLANG_WARN_INFINITE_RECURSION = YES;
				CLANG_WARN_INT_CONVERSION = YES;
				CLANG_WARN_NON_LITERAL_NULL_CONVERSION = YES;
				CLANG_WARN_OBJC_LITERAL_CONVERSION = YES;
				CLANG_WARN_OBJC_ROOT_CLASS = YES_ERROR;
				CLANG_WARN_RANGE_LOOP_ANALYSIS = YES;
				CLANG_WARN_STRICT_PROTOTYPES = YES;
				CLANG_WARN_SUSPICIOUS_MOVE = YES;
				CLANG_WARN_UNGUARDED_AVAILABILITY = YES_AGGRESSIVE;
				CLANG_WARN_UNREACHABLE_CODE = YES;
				CLANG_WARN__DUPLICATE_METHOD_MATCH = YES;
				DEBUG_INFORMATION_FORMAT = "dwarf-with-dsym";
				ENABLE_NS_ASSERTIONS = NO;
				ENABLE_STRICT_OBJC_MSGSEND = YES;
				GCC_C_LANGUAGE_STANDARD = gnu11;
				GCC_NO_COMMON_BLOCKS = YES;
				GCC_WARN_64_TO_32_BIT_CONVERSION = YES;
				GCC_WARN_ABOUT_RETURN_TYPE = YES_ERROR;
				GCC_WARN_UNDECLARED_SELECTOR = YES;
				GCC_WARN_UNINITIALIZED_AUTOS = YES_AGGRESSIVE;
				GCC_WARN_UNUSED_FUNCTION = YES;
				GCC_WARN_UNUSED_VARIABLE = YES;
				MTL_ENABLE_DEBUG_INFO = NO;
				SWIFT_OPTIMIZATION_LEVEL = "-Owholemodule";
			};
			name = Release;
		};
		043CB5E71F18D7950097F577 /* Debug */ = {
			isa = XCBuildConfiguration;
			baseConfigurationReference = 3C488476E37461D8D22D0F9F /* Pods-Sourcer.debug.xcconfig */;
			buildSettings = {
				ASSETCATALOG_COMPILER_APPICON_NAME = AppIcon;
				CODE_SIGN_ENTITLEMENTS = macOS/Support/Sourcer.entitlements;
				CODE_SIGN_IDENTITY = "";
				CODE_SIGN_STYLE = Manual;
				COMBINE_HIDPI_IMAGES = YES;
				DEVELOPMENT_TEAM = "";
				FRAMEWORK_SEARCH_PATHS = (
					"$(inherited)",
					"$(PROJECT_DIR)/Carthage/Build/Mac",
					"$(PROJECT_DIR)",
				);
				INFOPLIST_FILE = macOS/Info.plist;
				LD_RUNPATH_SEARCH_PATHS = "$(inherited) @executable_path/../Frameworks";
				PRODUCT_BUNDLE_IDENTIFIER = io.caramba.Sourcer;
				PRODUCT_NAME = "$(TARGET_NAME)";
				PROVISIONING_PROFILE_SPECIFIER = "";
				SWIFT_VERSION = 4.0;
			};
			name = Debug;
		};
		043CB5E81F18D7950097F577 /* Release */ = {
			isa = XCBuildConfiguration;
			baseConfigurationReference = 04E445C8B4AF8B3556C1B70D /* Pods-Sourcer.release.xcconfig */;
			buildSettings = {
				ASSETCATALOG_COMPILER_APPICON_NAME = AppIcon;
				CODE_SIGN_ENTITLEMENTS = macOS/Support/Sourcer.entitlements;
				CODE_SIGN_IDENTITY = "Mac Developer";
				CODE_SIGN_STYLE = Manual;
				COMBINE_HIDPI_IMAGES = YES;
				DEVELOPMENT_TEAM = "";
				FRAMEWORK_SEARCH_PATHS = (
					"$(inherited)",
					"$(PROJECT_DIR)/Carthage/Build/Mac",
					"$(PROJECT_DIR)",
				);
				INFOPLIST_FILE = macOS/Info.plist;
				LD_RUNPATH_SEARCH_PATHS = "$(inherited) @executable_path/../Frameworks";
				PRODUCT_BUNDLE_IDENTIFIER = io.caramba.Sourcer;
				PRODUCT_NAME = "$(TARGET_NAME)";
				PROVISIONING_PROFILE_SPECIFIER = "";
				SWIFT_VERSION = 4.0;
			};
			name = Release;
		};
		043CB5EA1F18D7950097F577 /* Debug */ = {
			isa = XCBuildConfiguration;
			baseConfigurationReference = A2DFCA0D9C348090A9240D49 /* Pods-SourcerTests.debug.xcconfig */;
			buildSettings = {
				ALWAYS_EMBED_SWIFT_STANDARD_LIBRARIES = YES;
				BUNDLE_LOADER = "$(TEST_HOST)";
				COMBINE_HIDPI_IMAGES = YES;
				DEVELOPMENT_TEAM = RTGNQ99L59;
				FRAMEWORK_SEARCH_PATHS = (
					"$(inherited)",
					"$(PROJECT_DIR)/Carthage/Build/Mac",
				);
				INFOPLIST_FILE = macOS/Tests.plist;
				LD_RUNPATH_SEARCH_PATHS = "$(inherited) @executable_path/../Frameworks @loader_path/../Frameworks";
				PRODUCT_BUNDLE_IDENTIFIER = io.caramba.SourcerTests;
				PRODUCT_NAME = "$(TARGET_NAME)";
				SWIFT_VERSION = 4.0;
				TEST_HOST = "$(BUILT_PRODUCTS_DIR)/Sourcer.app/Contents/MacOS/Sourcer";
			};
			name = Debug;
		};
		043CB5EB1F18D7950097F577 /* Release */ = {
			isa = XCBuildConfiguration;
			baseConfigurationReference = 24EE79B37C4CB412A5FBB31A /* Pods-SourcerTests.release.xcconfig */;
			buildSettings = {
				ALWAYS_EMBED_SWIFT_STANDARD_LIBRARIES = YES;
				BUNDLE_LOADER = "$(TEST_HOST)";
				COMBINE_HIDPI_IMAGES = YES;
				DEVELOPMENT_TEAM = RTGNQ99L59;
				FRAMEWORK_SEARCH_PATHS = (
					"$(inherited)",
					"$(PROJECT_DIR)/Carthage/Build/Mac",
				);
				INFOPLIST_FILE = macOS/Tests.plist;
				LD_RUNPATH_SEARCH_PATHS = "$(inherited) @executable_path/../Frameworks @loader_path/../Frameworks";
				PRODUCT_BUNDLE_IDENTIFIER = io.caramba.SourcerTests;
				PRODUCT_NAME = "$(TARGET_NAME)";
				SWIFT_VERSION = 4.0;
				TEST_HOST = "$(BUILT_PRODUCTS_DIR)/Sourcer.app/Contents/MacOS/Sourcer";
			};
			name = Release;
		};
		04FF99CB1F3D897A006F813A /* Debug */ = {
			isa = XCBuildConfiguration;
			baseConfigurationReference = 043CB6191F18E3B00097F577 /* watchOS-Application.xcconfig */;
			buildSettings = {
				ALWAYS_EMBED_SWIFT_STANDARD_LIBRARIES = YES;
				ASSETCATALOG_COMPILER_APPICON_NAME = AppIcon;
				COPY_PHASE_STRIP = NO;
				IBSC_MODULE = Sourcer_watchOS_Extension;
				INFOPLIST_FILE = watchOS/App/Info.plist;
				ONLY_ACTIVE_ARCH = YES;
				PRODUCT_BUNDLE_IDENTIFIER = es.ppinera.Sourcer.watchkitapp;
				PRODUCT_NAME = "$(TARGET_NAME)";
				SDKROOT = watchos;
				SKIP_INSTALL = YES;
				SWIFT_VERSION = 4.0;
				TARGETED_DEVICE_FAMILY = 4;
				VALID_ARCHS = "armv7k i386";
				WATCHOS_DEPLOYMENT_TARGET = 4.0;
			};
			name = Debug;
		};
		04FF99CC1F3D897A006F813A /* Release */ = {
			isa = XCBuildConfiguration;
			baseConfigurationReference = 043CB6191F18E3B00097F577 /* watchOS-Application.xcconfig */;
			buildSettings = {
				ALWAYS_EMBED_SWIFT_STANDARD_LIBRARIES = YES;
				ASSETCATALOG_COMPILER_APPICON_NAME = AppIcon;
				COPY_PHASE_STRIP = NO;
				IBSC_MODULE = Sourcer_watchOS_Extension;
				INFOPLIST_FILE = watchOS/App/Info.plist;
				PRODUCT_BUNDLE_IDENTIFIER = es.ppinera.Sourcer.watchkitapp;
				PRODUCT_NAME = "$(TARGET_NAME)";
				SDKROOT = watchos;
				SKIP_INSTALL = YES;
				SWIFT_VERSION = 4.0;
				TARGETED_DEVICE_FAMILY = 4;
				VALIDATE_PRODUCT = YES;
				VALID_ARCHS = "armv7k i386";
				WATCHOS_DEPLOYMENT_TARGET = 4.0;
			};
			name = Release;
		};
		04FF99CD1F3D897A006F813A /* Debug */ = {
			isa = XCBuildConfiguration;
			baseConfigurationReference = 043CB6191F18E3B00097F577 /* watchOS-Application.xcconfig */;
			buildSettings = {
				ASSETCATALOG_COMPILER_COMPLICATION_NAME = Complication;
				COPY_PHASE_STRIP = NO;
				INFOPLIST_FILE = watchOS/Extension/Info.plist;
				LD_RUNPATH_SEARCH_PATHS = "$(inherited) @executable_path/Frameworks @executable_path/../../Frameworks";
				ONLY_ACTIVE_ARCH = YES;
				PRODUCT_BUNDLE_IDENTIFIER = es.ppinera.Sourcer.watchkitapp.watchkitextension;
				PRODUCT_NAME = "${TARGET_NAME}";
				SDKROOT = watchos;
				SKIP_INSTALL = YES;
				SWIFT_VERSION = 4.0;
				TARGETED_DEVICE_FAMILY = 4;
				VALID_ARCHS = "armv7k i386";
				WATCHOS_DEPLOYMENT_TARGET = 4.0;
			};
			name = Debug;
		};
		04FF99CE1F3D897A006F813A /* Release */ = {
			isa = XCBuildConfiguration;
			baseConfigurationReference = 043CB6191F18E3B00097F577 /* watchOS-Application.xcconfig */;
			buildSettings = {
				ASSETCATALOG_COMPILER_COMPLICATION_NAME = Complication;
				COPY_PHASE_STRIP = NO;
				INFOPLIST_FILE = watchOS/Extension/Info.plist;
				LD_RUNPATH_SEARCH_PATHS = "$(inherited) @executable_path/Frameworks @executable_path/../../Frameworks";
				PRODUCT_BUNDLE_IDENTIFIER = es.ppinera.Sourcer.watchkitapp.watchkitextension;
				PRODUCT_NAME = "${TARGET_NAME}";
				SDKROOT = watchos;
				SKIP_INSTALL = YES;
				SWIFT_VERSION = 4.0;
				TARGETED_DEVICE_FAMILY = 4;
				VALIDATE_PRODUCT = YES;
				VALID_ARCHS = "armv7k i386";
				WATCHOS_DEPLOYMENT_TARGET = 4.0;
			};
			name = Release;
		};
/* End XCBuildConfiguration section */

/* Begin XCConfigurationList section */
		0418CB0F1F3CE49200818D21 /* Build configuration list for PBXNativeTarget "Sourcer-iOS" */ = {
			isa = XCConfigurationList;
			buildConfigurations = (
				0418CB091F3CE49200818D21 /* Debug */,
				0418CB0A1F3CE49200818D21 /* Release */,
			);
			defaultConfigurationIsVisible = 0;
			defaultConfigurationName = Debug;
		};
		0418CB101F3CE49200818D21 /* Build configuration list for PBXNativeTarget "Sourcer-iOSTests" */ = {
			isa = XCConfigurationList;
			buildConfigurations = (
				0418CB0B1F3CE49200818D21 /* Debug */,
				0418CB0C1F3CE49200818D21 /* Release */,
			);
			defaultConfigurationIsVisible = 0;
			defaultConfigurationName = Debug;
		};
		0418CB111F3CE49200818D21 /* Build configuration list for PBXNativeTarget "Sourcer-iOSUITests" */ = {
			isa = XCConfigurationList;
			buildConfigurations = (
				0418CB0D1F3CE49200818D21 /* Debug */,
				0418CB0E1F3CE49200818D21 /* Release */,
			);
			defaultConfigurationIsVisible = 0;
			defaultConfigurationName = Debug;
		};
		043CB5C81F18D7950097F577 /* Build configuration list for PBXProject "Sourcer" */ = {
			isa = XCConfigurationList;
			buildConfigurations = (
				043CB5E41F18D7950097F577 /* Debug */,
				043CB5E51F18D7950097F577 /* Release */,
			);
			defaultConfigurationIsVisible = 0;
			defaultConfigurationName = Debug;
		};
		043CB5E61F18D7950097F577 /* Build configuration list for PBXNativeTarget "Sourcer" */ = {
			isa = XCConfigurationList;
			buildConfigurations = (
				043CB5E71F18D7950097F577 /* Debug */,
				043CB5E81F18D7950097F577 /* Release */,
			);
			defaultConfigurationIsVisible = 0;
			defaultConfigurationName = Debug;
		};
		043CB5E91F18D7950097F577 /* Build configuration list for PBXNativeTarget "SourcerTests" */ = {
			isa = XCConfigurationList;
			buildConfigurations = (
				043CB5EA1F18D7950097F577 /* Debug */,
				043CB5EB1F18D7950097F577 /* Release */,
			);
			defaultConfigurationIsVisible = 0;
			defaultConfigurationName = Debug;
		};
		04FF99CF1F3D897A006F813A /* Build configuration list for PBXNativeTarget "Sourcer-watchOS Extension" */ = {
			isa = XCConfigurationList;
			buildConfigurations = (
				04FF99CD1F3D897A006F813A /* Debug */,
				04FF99CE1F3D897A006F813A /* Release */,
			);
			defaultConfigurationIsVisible = 0;
			defaultConfigurationName = Debug;
		};
		04FF99D11F3D897A006F813A /* Build configuration list for PBXNativeTarget "Sourcer-watchOS" */ = {
			isa = XCConfigurationList;
			buildConfigurations = (
				04FF99CB1F3D897A006F813A /* Debug */,
				04FF99CC1F3D897A006F813A /* Release */,
			);
			defaultConfigurationIsVisible = 0;
			defaultConfigurationName = Debug;
		};
/* End XCConfigurationList section */
	};
	rootObject = 043CB5C51F18D7950097F577 /* Project object */;
}
